// !$*UTF8*$!
{
	archiveVersion = 1;
	classes = {
	};
	objectVersion = 46;
	objects = {

/* Begin PBXBuildFile section */
		C0C4F5081B44E39500D81E9F /* JControllerCenter.m in Sources */ = {isa = PBXBuildFile; fileRef = C0C4F5061B44E39500D81E9F /* JControllerCenter.m */; };
		C0C4F50C1B44F72000D81E9F /* JRuntime.m in Sources */ = {isa = PBXBuildFile; fileRef = C0C4F50A1B44F72000D81E9F /* JRuntime.m */; };
		C0C4F50F1B44F8C800D81E9F /* JControllerCenter.h in Headers */ = {isa = PBXBuildFile; fileRef = C0C4F5051B44E39500D81E9F /* JControllerCenter.h */; };
		C0C705C71B40D144007CE302 /* JFoundation.h in CopyFiles */ = {isa = PBXBuildFile; fileRef = C0C705C61B40D144007CE302 /* JFoundation.h */; };
		C0C705C91B40D144007CE302 /* JFoundation.m in Sources */ = {isa = PBXBuildFile; fileRef = C0C705C81B40D144007CE302 /* JFoundation.m */; };
		C0C705CF1B40D144007CE302 /* libJFoundation.a in Frameworks */ = {isa = PBXBuildFile; fileRef = C0C705C31B40D144007CE302 /* libJFoundation.a */; };
		C0C705EA1B40D56B007CE302 /* JFoundation.h in Headers */ = {isa = PBXBuildFile; fileRef = C0C705C61B40D144007CE302 /* JFoundation.h */; settings = {ATTRIBUTES = (Public, ); }; };
		C0C705EE1B40D823007CE302 /* Foundation.framework in Frameworks */ = {isa = PBXBuildFile; fileRef = C0C705ED1B40D823007CE302 /* Foundation.framework */; };
		C0C797C31B4925420077FE3C /* JRuntime+System.m in Sources */ = {isa = PBXBuildFile; fileRef = C0C797C21B4925420077FE3C /* JRuntime+System.m */; };
		C0C797C51B4926360077FE3C /* JRuntime.h in Headers */ = {isa = PBXBuildFile; fileRef = C0C4F5091B44F72000D81E9F /* JRuntime.h */; settings = {ATTRIBUTES = (Public, ); }; };
/* End PBXBuildFile section */

/* Begin PBXContainerItemProxy section */
		C0C705D01B40D144007CE302 /* PBXContainerItemProxy */ = {
			isa = PBXContainerItemProxy;
			containerPortal = C0C705BB1B40D144007CE302 /* Project object */;
			proxyType = 1;
			remoteGlobalIDString = C0C705C21B40D144007CE302;
			remoteInfo = JFoundation;
		};
/* End PBXContainerItemProxy section */

/* Begin PBXCopyFilesBuildPhase section */
		C0C705C11B40D144007CE302 /* CopyFiles */ = {
			isa = PBXCopyFilesBuildPhase;
			buildActionMask = 2147483647;
			dstPath = "include/$(PRODUCT_NAME)";
			dstSubfolderSpec = 16;
			files = (
				C0C705C71B40D144007CE302 /* JFoundation.h in CopyFiles */,
			);
			runOnlyForDeploymentPostprocessing = 0;
		};
/* End PBXCopyFilesBuildPhase section */

/* Begin PBXFileReference section */
		C0C4F5051B44E39500D81E9F /* JControllerCenter.h */ = {isa = PBXFileReference; fileEncoding = 4; lastKnownFileType = sourcecode.c.h; path = JControllerCenter.h; sourceTree = "<group>"; };
		C0C4F5061B44E39500D81E9F /* JControllerCenter.m */ = {isa = PBXFileReference; fileEncoding = 4; lastKnownFileType = sourcecode.c.objc; path = JControllerCenter.m; sourceTree = "<group>"; };
		C0C4F5091B44F72000D81E9F /* JRuntime.h */ = {isa = PBXFileReference; fileEncoding = 4; lastKnownFileType = sourcecode.c.h; path = JRuntime.h; sourceTree = "<group>"; };
		C0C4F50A1B44F72000D81E9F /* JRuntime.m */ = {isa = PBXFileReference; fileEncoding = 4; lastKnownFileType = sourcecode.c.objc; path = JRuntime.m; sourceTree = "<group>"; };
		C0C705C31B40D144007CE302 /* libJFoundation.a */ = {isa = PBXFileReference; explicitFileType = archive.ar; includeInIndex = 0; path = libJFoundation.a; sourceTree = BUILT_PRODUCTS_DIR; };
		C0C705C61B40D144007CE302 /* JFoundation.h */ = {isa = PBXFileReference; lastKnownFileType = sourcecode.c.h; path = JFoundation.h; sourceTree = "<group>"; };
		C0C705C81B40D144007CE302 /* JFoundation.m */ = {isa = PBXFileReference; lastKnownFileType = sourcecode.c.objc; path = JFoundation.m; sourceTree = "<group>"; };
		C0C705CE1B40D144007CE302 /* JFoundationTests.xctest */ = {isa = PBXFileReference; explicitFileType = wrapper.cfbundle; includeInIndex = 0; path = JFoundationTests.xctest; sourceTree = BUILT_PRODUCTS_DIR; };
		C0C705D41B40D144007CE302 /* Info.plist */ = {isa = PBXFileReference; lastKnownFileType = text.plist.xml; path = Info.plist; sourceTree = "<group>"; };
		C0C705ED1B40D823007CE302 /* Foundation.framework */ = {isa = PBXFileReference; lastKnownFileType = wrapper.framework; name = Foundation.framework; path = System/Library/Frameworks/Foundation.framework; sourceTree = SDKROOT; };
		C0C797C21B4925420077FE3C /* JRuntime+System.m */ = {isa = PBXFileReference; fileEncoding = 4; lastKnownFileType = sourcecode.c.objc; path = "JRuntime+System.m"; sourceTree = "<group>"; };
/* End PBXFileReference section */

/* Begin PBXFrameworksBuildPhase section */
		C0C705C01B40D144007CE302 /* Frameworks */ = {
			isa = PBXFrameworksBuildPhase;
			buildActionMask = 2147483647;
			files = (
				C0C705EE1B40D823007CE302 /* Foundation.framework in Frameworks */,
			);
			runOnlyForDeploymentPostprocessing = 0;
		};
		C0C705CB1B40D144007CE302 /* Frameworks */ = {
			isa = PBXFrameworksBuildPhase;
			buildActionMask = 2147483647;
			files = (
				C0C705CF1B40D144007CE302 /* libJFoundation.a in Frameworks */,
			);
			runOnlyForDeploymentPostprocessing = 0;
		};
/* End PBXFrameworksBuildPhase section */

/* Begin PBXGroup section */
		C0C4F5041B44E37800D81E9F /* JController */ = {
			isa = PBXGroup;
			children = (
				C0C4F5051B44E39500D81E9F /* JControllerCenter.h */,
				C0C4F5061B44E39500D81E9F /* JControllerCenter.m */,
			);
			path = JController;
			sourceTree = "<group>";
		};
		C0C705BA1B40D144007CE302 = {
			isa = PBXGroup;
			children = (
				C0C705ED1B40D823007CE302 /* Foundation.framework */,
				C0C705C51B40D144007CE302 /* JFoundation */,
				C0C705D21B40D144007CE302 /* JFoundationTests */,
				C0C705C41B40D144007CE302 /* Products */,
			);
			sourceTree = "<group>";
		};
		C0C705C41B40D144007CE302 /* Products */ = {
			isa = PBXGroup;
			children = (
				C0C705C31B40D144007CE302 /* libJFoundation.a */,
				C0C705CE1B40D144007CE302 /* JFoundationTests.xctest */,
			);
			name = Products;
			sourceTree = "<group>";
		};
		C0C705C51B40D144007CE302 /* JFoundation */ = {
			isa = PBXGroup;
			children = (
				C0C4F5041B44E37800D81E9F /* JController */,
				C0C705F51B410988007CE302 /* JRunTime */,
				C0C705C61B40D144007CE302 /* JFoundation.h */,
				C0C705C81B40D144007CE302 /* JFoundation.m */,
			);
			path = JFoundation;
			sourceTree = "<group>";
		};
		C0C705D21B40D144007CE302 /* JFoundationTests */ = {
			isa = PBXGroup;
			children = (
				C0C705D31B40D144007CE302 /* Supporting Files */,
			);
			path = JFoundationTests;
			sourceTree = "<group>";
		};
		C0C705D31B40D144007CE302 /* Supporting Files */ = {
			isa = PBXGroup;
			children = (
				C0C705D41B40D144007CE302 /* Info.plist */,
			);
			name = "Supporting Files";
			sourceTree = "<group>";
		};
		C0C705F51B410988007CE302 /* JRunTime */ = {
			isa = PBXGroup;
			children = (
				C0C797C21B4925420077FE3C /* JRuntime+System.m */,
				C0C4F5091B44F72000D81E9F /* JRuntime.h */,
				C0C4F50A1B44F72000D81E9F /* JRuntime.m */,
			);
			path = JRunTime;
			sourceTree = "<group>";
		};
/* End PBXGroup section */

/* Begin PBXHeadersBuildPhase section */
		C0C705E91B40D55E007CE302 /* Headers */ = {
			isa = PBXHeadersBuildPhase;
			buildActionMask = 2147483647;
			files = (
				C0C705EA1B40D56B007CE302 /* JFoundation.h in Headers */,
				C0C797C51B4926360077FE3C /* JRuntime.h in Headers */,
				C0C4F50F1B44F8C800D81E9F /* JControllerCenter.h in Headers */,
			);
			runOnlyForDeploymentPostprocessing = 0;
		};
/* End PBXHeadersBuildPhase section */

/* Begin PBXNativeTarget section */
		C0C705C21B40D144007CE302 /* JFoundation */ = {
			isa = PBXNativeTarget;
			buildConfigurationList = C0C705D71B40D144007CE302 /* Build configuration list for PBXNativeTarget "JFoundation" */;
			buildPhases = (
				C0C705BF1B40D144007CE302 /* Sources */,
				C0C705C01B40D144007CE302 /* Frameworks */,
				C0C705C11B40D144007CE302 /* CopyFiles */,
				C0C705E91B40D55E007CE302 /* Headers */,
				C0C705F01B40DA8C007CE302 /* ShellScript */,
			);
			buildRules = (
			);
			dependencies = (
			);
			name = JFoundation;
			productName = JFoundation;
			productReference = C0C705C31B40D144007CE302 /* libJFoundation.a */;
			productType = "com.apple.product-type.library.static";
		};
		C0C705CD1B40D144007CE302 /* JFoundationTests */ = {
			isa = PBXNativeTarget;
			buildConfigurationList = C0C705DA1B40D144007CE302 /* Build configuration list for PBXNativeTarget "JFoundationTests" */;
			buildPhases = (
				C0C705CA1B40D144007CE302 /* Sources */,
				C0C705CB1B40D144007CE302 /* Frameworks */,
				C0C705CC1B40D144007CE302 /* Resources */,
			);
			buildRules = (
			);
			dependencies = (
				C0C705D11B40D144007CE302 /* PBXTargetDependency */,
			);
			name = JFoundationTests;
			productName = JFoundationTests;
			productReference = C0C705CE1B40D144007CE302 /* JFoundationTests.xctest */;
			productType = "com.apple.product-type.bundle.unit-test";
		};
/* End PBXNativeTarget section */

/* Begin PBXProject section */
		C0C705BB1B40D144007CE302 /* Project object */ = {
			isa = PBXProject;
			attributes = {
				LastUpgradeCheck = 0630;
				ORGANIZATIONNAME = dw_fangyang;
				TargetAttributes = {
					C0C705C21B40D144007CE302 = {
						CreatedOnToolsVersion = 6.3.2;
					};
					C0C705CD1B40D144007CE302 = {
						CreatedOnToolsVersion = 6.3.2;
					};
				};
			};
			buildConfigurationList = C0C705BE1B40D144007CE302 /* Build configuration list for PBXProject "JFoundation" */;
			compatibilityVersion = "Xcode 3.2";
			developmentRegion = English;
			hasScannedForEncodings = 0;
			knownRegions = (
				en,
			);
			mainGroup = C0C705BA1B40D144007CE302;
			productRefGroup = C0C705C41B40D144007CE302 /* Products */;
			projectDirPath = "";
			projectRoot = "";
			targets = (
				C0C705C21B40D144007CE302 /* JFoundation */,
				C0C705CD1B40D144007CE302 /* JFoundationTests */,
			);
		};
/* End PBXProject section */

/* Begin PBXResourcesBuildPhase section */
		C0C705CC1B40D144007CE302 /* Resources */ = {
			isa = PBXResourcesBuildPhase;
			buildActionMask = 2147483647;
			files = (
			);
			runOnlyForDeploymentPostprocessing = 0;
		};
/* End PBXResourcesBuildPhase section */

/* Begin PBXShellScriptBuildPhase section */
		C0C705F01B40DA8C007CE302 /* ShellScript */ = {
			isa = PBXShellScriptBuildPhase;
			buildActionMask = 2147483647;
			files = (
			);
			inputPaths = (
			);
			outputPaths = (
			);
			runOnlyForDeploymentPostprocessing = 0;
			shellPath = /bin/sh;
			shellScript = "";
		};
/* End PBXShellScriptBuildPhase section */

/* Begin PBXSourcesBuildPhase section */
		C0C705BF1B40D144007CE302 /* Sources */ = {
			isa = PBXSourcesBuildPhase;
			buildActionMask = 2147483647;
			files = (
				C0C4F50C1B44F72000D81E9F /* JRuntime.m in Sources */,
				C0C705C91B40D144007CE302 /* JFoundation.m in Sources */,
				C0C797C31B4925420077FE3C /* JRuntime+System.m in Sources */,
				C0C4F5081B44E39500D81E9F /* JControllerCenter.m in Sources */,
			);
			runOnlyForDeploymentPostprocessing = 0;
		};
		C0C705CA1B40D144007CE302 /* Sources */ = {
			isa = PBXSourcesBuildPhase;
			buildActionMask = 2147483647;
			files = (
			);
			runOnlyForDeploymentPostprocessing = 0;
		};
/* End PBXSourcesBuildPhase section */

/* Begin PBXTargetDependency section */
		C0C705D11B40D144007CE302 /* PBXTargetDependency */ = {
			isa = PBXTargetDependency;
			target = C0C705C21B40D144007CE302 /* JFoundation */;
			targetProxy = C0C705D01B40D144007CE302 /* PBXContainerItemProxy */;
		};
/* End PBXTargetDependency section */

/* Begin XCBuildConfiguration section */
		C0C705D51B40D144007CE302 /* Debug */ = {
			isa = XCBuildConfiguration;
			buildSettings = {
				ALWAYS_SEARCH_USER_PATHS = NO;
				CLANG_CXX_LANGUAGE_STANDARD = "gnu++0x";
				CLANG_CXX_LIBRARY = "libc++";
				CLANG_ENABLE_MODULES = YES;
				CLANG_ENABLE_OBJC_ARC = YES;
				CLANG_WARN_BOOL_CONVERSION = YES;
				CLANG_WARN_CONSTANT_CONVERSION = YES;
				CLANG_WARN_DIRECT_OBJC_ISA_USAGE = YES_ERROR;
				CLANG_WARN_EMPTY_BODY = YES;
				CLANG_WARN_ENUM_CONVERSION = YES;
				CLANG_WARN_INT_CONVERSION = YES;
				CLANG_WARN_OBJC_ROOT_CLASS = YES_ERROR;
				CLANG_WARN_UNREACHABLE_CODE = YES;
				CLANG_WARN__DUPLICATE_METHOD_MATCH = YES;
				COPY_PHASE_STRIP = NO;
				DEBUG_INFORMATION_FORMAT = "dwarf-with-dsym";
				ENABLE_STRICT_OBJC_MSGSEND = YES;
				GCC_C_LANGUAGE_STANDARD = gnu99;
				GCC_DYNAMIC_NO_PIC = NO;
				GCC_NO_COMMON_BLOCKS = YES;
				GCC_OPTIMIZATION_LEVEL = 0;
				GCC_PREPROCESSOR_DEFINITIONS = (
					"DEBUG=1",
					"$(inherited)",
				);
				GCC_SYMBOLS_PRIVATE_EXTERN = NO;
				GCC_WARN_64_TO_32_BIT_CONVERSION = YES;
				GCC_WARN_ABOUT_RETURN_TYPE = YES_ERROR;
				GCC_WARN_UNDECLARED_SELECTOR = YES;
				GCC_WARN_UNINITIALIZED_AUTOS = YES_AGGRESSIVE;
				GCC_WARN_UNUSED_FUNCTION = YES;
				GCC_WARN_UNUSED_VARIABLE = YES;
				IPHONEOS_DEPLOYMENT_TARGET = 8.3;
				MTL_ENABLE_DEBUG_INFO = YES;
				ONLY_ACTIVE_ARCH = YES;
				SDKROOT = iphoneos;
			};
			name = Debug;
		};
		C0C705D61B40D144007CE302 /* Release */ = {
			isa = XCBuildConfiguration;
			buildSettings = {
				ALWAYS_SEARCH_USER_PATHS = NO;
				CLANG_CXX_LANGUAGE_STANDARD = "gnu++0x";
				CLANG_CXX_LIBRARY = "libc++";
				CLANG_ENABLE_MODULES = YES;
				CLANG_ENABLE_OBJC_ARC = YES;
				CLANG_WARN_BOOL_CONVERSION = YES;
				CLANG_WARN_CONSTANT_CONVERSION = YES;
				CLANG_WARN_DIRECT_OBJC_ISA_USAGE = YES_ERROR;
				CLANG_WARN_EMPTY_BODY = YES;
				CLANG_WARN_ENUM_CONVERSION = YES;
				CLANG_WARN_INT_CONVERSION = YES;
				CLANG_WARN_OBJC_ROOT_CLASS = YES_ERROR;
				CLANG_WARN_UNREACHABLE_CODE = YES;
				CLANG_WARN__DUPLICATE_METHOD_MATCH = YES;
				COPY_PHASE_STRIP = NO;
				DEBUG_INFORMATION_FORMAT = "dwarf-with-dsym";
				ENABLE_NS_ASSERTIONS = NO;
				ENABLE_STRICT_OBJC_MSGSEND = YES;
				GCC_C_LANGUAGE_STANDARD = gnu99;
				GCC_NO_COMMON_BLOCKS = YES;
				GCC_WARN_64_TO_32_BIT_CONVERSION = YES;
				GCC_WARN_ABOUT_RETURN_TYPE = YES_ERROR;
				GCC_WARN_UNDECLARED_SELECTOR = YES;
				GCC_WARN_UNINITIALIZED_AUTOS = YES_AGGRESSIVE;
				GCC_WARN_UNUSED_FUNCTION = YES;
				GCC_WARN_UNUSED_VARIABLE = YES;
				IPHONEOS_DEPLOYMENT_TARGET = 8.3;
				MTL_ENABLE_DEBUG_INFO = NO;
				SDKROOT = iphoneos;
				VALIDATE_PRODUCT = YES;
			};
			name = Release;
		};
		C0C705D81B40D144007CE302 /* Debug */ = {
			isa = XCBuildConfiguration;
			buildSettings = {
				DEAD_CODE_STRIPPING = NO;
				IPHONEOS_DEPLOYMENT_TARGET = 7.0;
				OTHER_LDFLAGS = "-ObjC";
				PRODUCT_NAME = "$(TARGET_NAME)";
				PUBLIC_HEADERS_FOLDER_PATH = "include/$(PROJECT_NAME)";
				SKIP_INSTALL = YES;
				STRIP_STYLE = "non-global";
			};
			name = Debug;
		};
		C0C705D91B40D144007CE302 /* Release */ = {
			isa = XCBuildConfiguration;
			buildSettings = {
				DEAD_CODE_STRIPPING = NO;
				IPHONEOS_DEPLOYMENT_TARGET = 7.0;
				OTHER_LDFLAGS = "-ObjC";
				PRODUCT_NAME = "$(TARGET_NAME)";
				PUBLIC_HEADERS_FOLDER_PATH = "include/$(PROJECT_NAME)";
				SKIP_INSTALL = YES;
				STRIP_STYLE = "non-global";
			};
			name = Release;
		};
		C0C705DB1B40D144007CE302 /* Debug */ = {
			isa = XCBuildConfiguration;
			buildSettings = {
				"CODE_SIGN_IDENTITY[sdk=iphoneos*]" = "iPhone Developer";
				FRAMEWORK_SEARCH_PATHS = (
					"$(SDKROOT)/Developer/Library/Frameworks",
					"$(inherited)",
				);
				GCC_PREPROCESSOR_DEFINITIONS = (
					"DEBUG=1",
					"$(inherited)",
				);
				INFOPLIST_FILE = JFoundationTests/Info.plist;
				LD_RUNPATH_SEARCH_PATHS = "$(inherited) @executable_path/Frameworks @loader_path/Frameworks";
				PRODUCT_NAME = "$(TARGET_NAME)";
			};
			name = Debug;
		};
		C0C705DC1B40D144007CE302 /* Release */ = {
			isa = XCBuildConfiguration;
			buildSettings = {
				"CODE_SIGN_IDENTITY[sdk=iphoneos*]" = "iPhone Developer";
				FRAMEWORK_SEARCH_PATHS = (
					"$(SDKROOT)/Developer/Library/Frameworks",
					"$(inherited)",
				);
				INFOPLIST_FILE = JFoundationTests/Info.plist;
				LD_RUNPATH_SEARCH_PATHS = "$(inherited) @executable_path/Frameworks @loader_path/Frameworks";
				PRODUCT_NAME = "$(TARGET_NAME)";
			};
			name = Release;
		};
/* End XCBuildConfiguration section */

/* Begin XCConfigurationList section */
		C0C705BE1B40D144007CE302 /* Build configuration list for PBXProject "JFoundation" */ = {
			isa = XCConfigurationList;
			buildConfigurations = (
				C0C705D51B40D144007CE302 /* Debug */,
				C0C705D61B40D144007CE302 /* Release */,
			);
			defaultConfigurationIsVisible = 0;
			defaultConfigurationName = Release;
		};
		C0C705D71B40D144007CE302 /* Build configuration list for PBXNativeTarget "JFoundation" */ = {
			isa = XCConfigurationList;
			buildConfigurations = (
				C0C705D81B40D144007CE302 /* Debug */,
				C0C705D91B40D144007CE302 /* Release */,
			);
			defaultConfigurationIsVisible = 0;
			defaultConfigurationName = Release;
		};
		C0C705DA1B40D144007CE302 /* Build configuration list for PBXNativeTarget "JFoundationTests" */ = {
			isa = XCConfigurationList;
			buildConfigurations = (
				C0C705DB1B40D144007CE302 /* Debug */,
				C0C705DC1B40D144007CE302 /* Release */,
			);
			defaultConfigurationIsVisible = 0;
			defaultConfigurationName = Release;
		};
/* End XCConfigurationList section */
	};
	rootObject = C0C705BB1B40D144007CE302 /* Project object */;
}
