// !$*UTF8*$!
{
	archiveVersion = 1;
	classes = {
	};
	objectVersion = 46;
	objects = {

/* Begin PBXBuildFile section */
		C00815881AF9CBAE0037A7DF /* AvgLoadView.m in Sources */ = {isa = PBXBuildFile; fileRef = C00815871AF9CBAE0037A7DF /* AvgLoadView.m */; };
		C008158C1AF9CC490037A7DF /* AvgLoadView.xib in Resources */ = {isa = PBXBuildFile; fileRef = C008158B1AF9CC490037A7DF /* AvgLoadView.xib */; };
		C00815921AF9EE2B0037A7DF /* test.storyboard in Resources */ = {isa = PBXBuildFile; fileRef = C00815911AF9EE2B0037A7DF /* test.storyboard */; };
		C0081CFC1B1A0FB0009EB1A4 /* AlbumContentsDataSource.m in Sources */ = {isa = PBXBuildFile; fileRef = C0081CFB1B1A0FB0009EB1A4 /* AlbumContentsDataSource.m */; };
		C072C6E51AF75E87006490FA /* main.m in Sources */ = {isa = PBXBuildFile; fileRef = C072C6E41AF75E87006490FA /* main.m */; };
		C072C6EB1AF75E87006490FA /* handy.xcdatamodeld in Sources */ = {isa = PBXBuildFile; fileRef = C072C6E91AF75E87006490FA /* handy.xcdatamodeld */; };
		C072C6F31AF75E87006490FA /* Images.xcassets in Resources */ = {isa = PBXBuildFile; fileRef = C072C6F21AF75E87006490FA /* Images.xcassets */; };
		C072C6F61AF75E87006490FA /* LaunchScreen.xib in Resources */ = {isa = PBXBuildFile; fileRef = C072C6F41AF75E87006490FA /* LaunchScreen.xib */; };
		C072C7021AF75E88006490FA /* handyTests.m in Sources */ = {isa = PBXBuildFile; fileRef = C072C7011AF75E88006490FA /* handyTests.m */; };
		C072C7201AF75F20006490FA /* AlbumContentsCollectionViewController.h in Sources */ = {isa = PBXBuildFile; fileRef = C072C70C1AF75F20006490FA /* AlbumContentsCollectionViewController.h */; };
		C072C7211AF75F20006490FA /* AppDelegate.m in Sources */ = {isa = PBXBuildFile; fileRef = C072C70E1AF75F20006490FA /* AppDelegate.m */; };
		C072C7221AF75F20006490FA /* AssetsDataIsInaccessibleViewController.m in Sources */ = {isa = PBXBuildFile; fileRef = C072C7101AF75F20006490FA /* AssetsDataIsInaccessibleViewController.m */; };
		C072C7231AF75F20006490FA /* cameraview.xib in Resources */ = {isa = PBXBuildFile; fileRef = C072C7111AF75F20006490FA /* cameraview.xib */; };
		C072C7241AF75F20006490FA /* handy.xcdatamodeld in Sources */ = {isa = PBXBuildFile; fileRef = C072C7121AF75F20006490FA /* handy.xcdatamodeld */; };
		C072C7251AF75F20006490FA /* HandyMainViewController.m in Sources */ = {isa = PBXBuildFile; fileRef = C072C7151AF75F20006490FA /* HandyMainViewController.m */; };
		C072C7261AF75F20006490FA /* HandyRootViewController.m in Sources */ = {isa = PBXBuildFile; fileRef = C072C7171AF75F20006490FA /* HandyRootViewController.m */; };
		C072C7271AF75F20006490FA /* ImageScrollView.m in Sources */ = {isa = PBXBuildFile; fileRef = C072C7191AF75F20006490FA /* ImageScrollView.m */; };
		C072C7281AF75F20006490FA /* MyPageViewController.m in Sources */ = {isa = PBXBuildFile; fileRef = C072C71B1AF75F20006490FA /* MyPageViewController.m */; };
		C072C7291AF75F20006490FA /* PageViewControllerData.m in Sources */ = {isa = PBXBuildFile; fileRef = C072C71D1AF75F20006490FA /* PageViewControllerData.m */; };
		C072C72A1AF75F20006490FA /* PhotoViewController.m in Sources */ = {isa = PBXBuildFile; fileRef = C072C71F1AF75F20006490FA /* PhotoViewController.m */; };
		C0838BE41AF76025004F636C /* Main.storyboard in Resources */ = {isa = PBXBuildFile; fileRef = C0838BE21AF76025004F636C /* Main.storyboard */; };
		C0AFD2C91AF9EF2600CF3405 /* TestViewController.m in Sources */ = {isa = PBXBuildFile; fileRef = C0AFD2C81AF9EF2600CF3405 /* TestViewController.m */; };
		C0AFD2CC1AF9F18700CF3405 /* TestViewControllerFactory.m in Sources */ = {isa = PBXBuildFile; fileRef = C0AFD2CB1AF9F18700CF3405 /* TestViewControllerFactory.m */; };
		C0AFD2D91AFA506200CF3405 /* AlbumViewControllerFactory.m in Sources */ = {isa = PBXBuildFile; fileRef = C0AFD2D81AFA506200CF3405 /* AlbumViewControllerFactory.m */; };
		C0B2BC2D1B1A9AFF00CF5109 /* AlbumContentsCollectionViewController.m in Sources */ = {isa = PBXBuildFile; fileRef = C072C70B1AF75F20006490FA /* AlbumContentsCollectionViewController.m */; };
		C0C42D471B521BC400238799 /* libJFoundation.a in Frameworks */ = {isa = PBXBuildFile; fileRef = C0C42D3E1B51626700238799 /* libJFoundation.a */; };
		C0C488991B686D9E003440D0 /* JAlbumCollectionViewCell.xib in Resources */ = {isa = PBXBuildFile; fileRef = C0C488971B686D9E003440D0 /* JAlbumCollectionViewCell.xib */; };
		C0C4889A1B686D9E003440D0 /* JAlbumView.xib in Resources */ = {isa = PBXBuildFile; fileRef = C0C488981B686D9E003440D0 /* JAlbumView.xib */; };
		C0C6203D1B39519700FBC471 /* Network.mm in Sources */ = {isa = PBXBuildFile; fileRef = C0C6203C1B39519700FBC471 /* Network.mm */; };
		C0CAEDF41B271187003DEEE0 /* PhotosUI.framework in Frameworks */ = {isa = PBXBuildFile; fileRef = C0CAEDF31B271187003DEEE0 /* PhotosUI.framework */; };
		C0CAEDF61B271187003DEEE0 /* Photos.framework in Frameworks */ = {isa = PBXBuildFile; fileRef = C0CAEDF51B271187003DEEE0 /* Photos.framework */; };
		C0CAEDFC1B271187003DEEE0 /* PhotoEditingViewController.m in Sources */ = {isa = PBXBuildFile; fileRef = C0CAEDFB1B271187003DEEE0 /* PhotoEditingViewController.m */; };
		C0CAEDFE1B271187003DEEE0 /* MainInterface.storyboard in Resources */ = {isa = PBXBuildFile; fileRef = C0CAEDFD1B271187003DEEE0 /* MainInterface.storyboard */; };
		C0CAEE011B271187003DEEE0 /* handyExtension.appex in Embed App Extensions */ = {isa = PBXBuildFile; fileRef = C0CAEDF21B271187003DEEE0 /* handyExtension.appex */; settings = {ATTRIBUTES = (RemoveHeadersOnCopy, ); }; };
/* End PBXBuildFile section */

/* Begin PBXContainerItemProxy section */
		C072C6FC1AF75E88006490FA /* PBXContainerItemProxy */ = {
			isa = PBXContainerItemProxy;
			containerPortal = C072C6D71AF75E87006490FA /* Project object */;
			proxyType = 1;
			remoteGlobalIDString = C072C6DE1AF75E87006490FA;
			remoteInfo = handy;
		};
		C0C42D3D1B51626700238799 /* PBXContainerItemProxy */ = {
			isa = PBXContainerItemProxy;
			containerPortal = C0C42D381B51626700238799 /* JFoundation.xcodeproj */;
			proxyType = 2;
			remoteGlobalIDString = C0C705C31B40D144007CE302;
			remoteInfo = JFoundation;
		};
		C0C42D3F1B51626700238799 /* PBXContainerItemProxy */ = {
			isa = PBXContainerItemProxy;
			containerPortal = C0C42D381B51626700238799 /* JFoundation.xcodeproj */;
			proxyType = 2;
			remoteGlobalIDString = C0C705CE1B40D144007CE302;
			remoteInfo = JFoundationTests;
		};
		C0C42D411B51647A00238799 /* PBXContainerItemProxy */ = {
			isa = PBXContainerItemProxy;
			containerPortal = C0C42D381B51626700238799 /* JFoundation.xcodeproj */;
			proxyType = 1;
			remoteGlobalIDString = C0C705C21B40D144007CE302;
			remoteInfo = JFoundation;
		};
		C0CAEDFF1B271187003DEEE0 /* PBXContainerItemProxy */ = {
			isa = PBXContainerItemProxy;
			containerPortal = C072C6D71AF75E87006490FA /* Project object */;
			proxyType = 1;
			remoteGlobalIDString = C0CAEDF11B271187003DEEE0;
			remoteInfo = handyExtension;
		};
/* End PBXContainerItemProxy section */

/* Begin PBXCopyFilesBuildPhase section */
		C0CAEE051B271187003DEEE0 /* Embed App Extensions */ = {
			isa = PBXCopyFilesBuildPhase;
			buildActionMask = 2147483647;
			dstPath = "";
			dstSubfolderSpec = 13;
			files = (
				C0CAEE011B271187003DEEE0 /* handyExtension.appex in Embed App Extensions */,
			);
			name = "Embed App Extensions";
			runOnlyForDeploymentPostprocessing = 0;
		};
/* End PBXCopyFilesBuildPhase section */

/* Begin PBXFileReference section */
		2A9C1FAF7705652DBD5928A6 /* libPods-handy.a */ = {isa = PBXFileReference; explicitFileType = archive.ar; includeInIndex = 0; path = "libPods-handy.a"; sourceTree = BUILT_PRODUCTS_DIR; };
		4D739F8693CF891612B03575 /* Pods-handy.release.xcconfig */ = {isa = PBXFileReference; includeInIndex = 1; lastKnownFileType = text.xcconfig; name = "Pods-handy.release.xcconfig"; path = "../../pod_GitHub/handy/Pods/Target Support Files/Pods-handy/Pods-handy.release.xcconfig"; sourceTree = "<group>"; };
		C00815801AF9CB290037A7DF /* AvgLoadView.h */ = {isa = PBXFileReference; fileEncoding = 4; lastKnownFileType = sourcecode.c.h; name = AvgLoadView.h; path = ../../GitHub/Handy/handy/AvgLoad/AvgLoadView.h; sourceTree = SOURCE_ROOT; };
		C00815871AF9CBAE0037A7DF /* AvgLoadView.m */ = {isa = PBXFileReference; fileEncoding = 4; lastKnownFileType = sourcecode.c.objc; name = AvgLoadView.m; path = ../../GitHub/Handy/handy/AvgLoad/AvgLoadView.m; sourceTree = SOURCE_ROOT; };
		C008158B1AF9CC490037A7DF /* AvgLoadView.xib */ = {isa = PBXFileReference; fileEncoding = 4; lastKnownFileType = file.xib; name = AvgLoadView.xib; path = ../../GitHub/Handy/handy/AvgLoad/AvgLoadView.xib; sourceTree = SOURCE_ROOT; };
		C00815911AF9EE2B0037A7DF /* test.storyboard */ = {isa = PBXFileReference; fileEncoding = 4; lastKnownFileType = file.storyboard; path = test.storyboard; sourceTree = "<group>"; };
		C0081CFA1B1A0FB0009EB1A4 /* AlbumContentsDataSource.h */ = {isa = PBXFileReference; fileEncoding = 4; lastKnownFileType = sourcecode.c.h; path = AlbumContentsDataSource.h; sourceTree = "<group>"; };
		C0081CFB1B1A0FB0009EB1A4 /* AlbumContentsDataSource.m */ = {isa = PBXFileReference; fileEncoding = 4; lastKnownFileType = sourcecode.c.objc; path = AlbumContentsDataSource.m; sourceTree = "<group>"; };
		C072C6DF1AF75E87006490FA /* handy.app */ = {isa = PBXFileReference; explicitFileType = wrapper.application; includeInIndex = 0; path = handy.app; sourceTree = BUILT_PRODUCTS_DIR; };
		C072C6E31AF75E87006490FA /* Info.plist */ = {isa = PBXFileReference; lastKnownFileType = text.plist.xml; path = Info.plist; sourceTree = "<group>"; };
		C072C6E41AF75E87006490FA /* main.m */ = {isa = PBXFileReference; lastKnownFileType = sourcecode.c.objc; path = main.m; sourceTree = "<group>"; };
		C072C6EA1AF75E87006490FA /* handy.xcdatamodel */ = {isa = PBXFileReference; lastKnownFileType = wrapper.xcdatamodel; path = handy.xcdatamodel; sourceTree = "<group>"; };
		C072C6F21AF75E87006490FA /* Images.xcassets */ = {isa = PBXFileReference; lastKnownFileType = folder.assetcatalog; path = Images.xcassets; sourceTree = "<group>"; };
		C072C6F51AF75E87006490FA /* Base */ = {isa = PBXFileReference; lastKnownFileType = file.xib; name = Base; path = Base.lproj/LaunchScreen.xib; sourceTree = "<group>"; };
		C072C6FB1AF75E88006490FA /* handyTests.xctest */ = {isa = PBXFileReference; explicitFileType = wrapper.cfbundle; includeInIndex = 0; path = handyTests.xctest; sourceTree = BUILT_PRODUCTS_DIR; };
		C072C7001AF75E88006490FA /* Info.plist */ = {isa = PBXFileReference; lastKnownFileType = text.plist.xml; path = Info.plist; sourceTree = "<group>"; };
		C072C7011AF75E88006490FA /* handyTests.m */ = {isa = PBXFileReference; lastKnownFileType = sourcecode.c.objc; path = handyTests.m; sourceTree = "<group>"; };
		C072C70B1AF75F20006490FA /* AlbumContentsCollectionViewController.m */ = {isa = PBXFileReference; fileEncoding = 4; lastKnownFileType = sourcecode.c.objc; name = AlbumContentsCollectionViewController.m; path = /Users/fangyang/GitHub/Handy/handy/album/AlbumContentsCollectionViewController.m; sourceTree = "<absolute>"; };
		C072C70C1AF75F20006490FA /* AlbumContentsCollectionViewController.h */ = {isa = PBXFileReference; fileEncoding = 4; lastKnownFileType = sourcecode.c.h; name = AlbumContentsCollectionViewController.h; path = /Users/fangyang/GitHub/Handy/handy/album/AlbumContentsCollectionViewController.h; sourceTree = "<absolute>"; };
		C072C70D1AF75F20006490FA /* AppDelegate.h */ = {isa = PBXFileReference; fileEncoding = 4; lastKnownFileType = sourcecode.c.h; path = AppDelegate.h; sourceTree = "<group>"; };
		C072C70E1AF75F20006490FA /* AppDelegate.m */ = {isa = PBXFileReference; fileEncoding = 4; lastKnownFileType = sourcecode.c.objc; path = AppDelegate.m; sourceTree = "<group>"; };
		C072C70F1AF75F20006490FA /* AssetsDataIsInaccessibleViewController.h */ = {isa = PBXFileReference; fileEncoding = 4; lastKnownFileType = sourcecode.c.h; name = AssetsDataIsInaccessibleViewController.h; path = ../../../../Github/Handy/handy/AssetsDataIsInaccessibleViewController.h; sourceTree = "<group>"; };
		C072C7101AF75F20006490FA /* AssetsDataIsInaccessibleViewController.m */ = {isa = PBXFileReference; fileEncoding = 4; lastKnownFileType = sourcecode.c.objc; name = AssetsDataIsInaccessibleViewController.m; path = ../../../../Github/Handy/handy/AssetsDataIsInaccessibleViewController.m; sourceTree = "<group>"; };
		C072C7111AF75F20006490FA /* cameraview.xib */ = {isa = PBXFileReference; fileEncoding = 4; lastKnownFileType = file.xib; name = cameraview.xib; path = ../../../../Github/Handy/handy/cameraview.xib; sourceTree = "<group>"; };
		C072C7131AF75F20006490FA /* handy.xcdatamodel */ = {isa = PBXFileReference; lastKnownFileType = wrapper.xcdatamodel; path = handy.xcdatamodel; sourceTree = "<group>"; };
		C072C7141AF75F20006490FA /* HandyMainViewController.h */ = {isa = PBXFileReference; fileEncoding = 4; lastKnownFileType = sourcecode.c.h; path = HandyMainViewController.h; sourceTree = "<group>"; };
		C072C7151AF75F20006490FA /* HandyMainViewController.m */ = {isa = PBXFileReference; fileEncoding = 4; lastKnownFileType = sourcecode.c.objc; path = HandyMainViewController.m; sourceTree = "<group>"; };
		C072C7161AF75F20006490FA /* HandyRootViewController.h */ = {isa = PBXFileReference; fileEncoding = 4; lastKnownFileType = sourcecode.c.h; name = HandyRootViewController.h; path = ../../../../Github/Handy/handy/HandyRootViewController.h; sourceTree = "<group>"; };
		C072C7171AF75F20006490FA /* HandyRootViewController.m */ = {isa = PBXFileReference; fileEncoding = 4; lastKnownFileType = sourcecode.c.objc; name = HandyRootViewController.m; path = ../../../../Github/Handy/handy/HandyRootViewController.m; sourceTree = "<group>"; };
		C072C7181AF75F20006490FA /* ImageScrollView.h */ = {isa = PBXFileReference; fileEncoding = 4; lastKnownFileType = sourcecode.c.h; name = ImageScrollView.h; path = ../../../../Github/Handy/handy/ImageScrollView.h; sourceTree = "<group>"; };
		C072C7191AF75F20006490FA /* ImageScrollView.m */ = {isa = PBXFileReference; fileEncoding = 4; lastKnownFileType = sourcecode.c.objc; name = ImageScrollView.m; path = ../../../../Github/Handy/handy/ImageScrollView.m; sourceTree = "<group>"; };
		C072C71A1AF75F20006490FA /* MyPageViewController.h */ = {isa = PBXFileReference; fileEncoding = 4; lastKnownFileType = sourcecode.c.h; name = MyPageViewController.h; path = ../../../../Github/Handy/handy/MyPageViewController.h; sourceTree = "<group>"; };
		C072C71B1AF75F20006490FA /* MyPageViewController.m */ = {isa = PBXFileReference; fileEncoding = 4; lastKnownFileType = sourcecode.c.objc; name = MyPageViewController.m; path = ../../../../Github/Handy/handy/MyPageViewController.m; sourceTree = "<group>"; };
		C072C71C1AF75F20006490FA /* PageViewControllerData.h */ = {isa = PBXFileReference; fileEncoding = 4; lastKnownFileType = sourcecode.c.h; name = PageViewControllerData.h; path = ../../../../Github/Handy/handy/PageViewControllerData.h; sourceTree = "<group>"; };
		C072C71D1AF75F20006490FA /* PageViewControllerData.m */ = {isa = PBXFileReference; fileEncoding = 4; lastKnownFileType = sourcecode.c.objc; name = PageViewControllerData.m; path = ../../../../Github/Handy/handy/PageViewControllerData.m; sourceTree = "<group>"; };
		C072C71E1AF75F20006490FA /* PhotoViewController.h */ = {isa = PBXFileReference; fileEncoding = 4; lastKnownFileType = sourcecode.c.h; name = PhotoViewController.h; path = ../../../../Github/Handy/handy/PhotoViewController.h; sourceTree = "<group>"; };
		C072C71F1AF75F20006490FA /* PhotoViewController.m */ = {isa = PBXFileReference; fileEncoding = 4; lastKnownFileType = sourcecode.c.objc; name = PhotoViewController.m; path = ../../../../Github/Handy/handy/PhotoViewController.m; sourceTree = "<group>"; };
		C0838BE31AF76025004F636C /* Base */ = {isa = PBXFileReference; lastKnownFileType = file.storyboard; name = Base; path = Base.lproj/Main.storyboard; sourceTree = "<group>"; };
		C0AFD2C71AF9EF2600CF3405 /* TestViewController.h */ = {isa = PBXFileReference; fileEncoding = 4; lastKnownFileType = sourcecode.c.h; path = TestViewController.h; sourceTree = "<group>"; };
		C0AFD2C81AF9EF2600CF3405 /* TestViewController.m */ = {isa = PBXFileReference; fileEncoding = 4; lastKnownFileType = sourcecode.c.objc; path = TestViewController.m; sourceTree = "<group>"; };
		C0AFD2CA1AF9F18700CF3405 /* TestViewControllerFactory.h */ = {isa = PBXFileReference; fileEncoding = 4; lastKnownFileType = sourcecode.c.h; path = TestViewControllerFactory.h; sourceTree = "<group>"; };
		C0AFD2CB1AF9F18700CF3405 /* TestViewControllerFactory.m */ = {isa = PBXFileReference; fileEncoding = 4; lastKnownFileType = sourcecode.c.objc; path = TestViewControllerFactory.m; sourceTree = "<group>"; };
		C0AFD2D71AFA506200CF3405 /* AlbumViewControllerFactory.h */ = {isa = PBXFileReference; fileEncoding = 4; lastKnownFileType = sourcecode.c.h; path = AlbumViewControllerFactory.h; sourceTree = "<group>"; };
		C0AFD2D81AFA506200CF3405 /* AlbumViewControllerFactory.m */ = {isa = PBXFileReference; fileEncoding = 4; lastKnownFileType = sourcecode.c.objc; path = AlbumViewControllerFactory.m; sourceTree = "<group>"; };
		C0C42D381B51626700238799 /* JFoundation.xcodeproj */ = {isa = PBXFileReference; lastKnownFileType = "wrapper.pb-project"; name = JFoundation.xcodeproj; path = /Users/fangyang/pod_GitHub/handy/../../GitHub/Handy/JFoundation/JFoundation.xcodeproj; sourceTree = "<absolute>"; };
		C0C488971B686D9E003440D0 /* JAlbumCollectionViewCell.xib */ = {isa = PBXFileReference; lastKnownFileType = file.xib; name = JAlbumCollectionViewCell.xib; path = ../../GitHub/Handy/JFoundation/JFoundation/JAlbum/JAlbumCollectionViewCell.xib; sourceTree = "<group>"; };
		C0C488981B686D9E003440D0 /* JAlbumView.xib */ = {isa = PBXFileReference; lastKnownFileType = file.xib; name = JAlbumView.xib; path = ../../GitHub/Handy/JFoundation/JFoundation/JAlbum/JAlbumView.xib; sourceTree = "<group>"; };
		C0C6203B1B39519700FBC471 /* Network.h */ = {isa = PBXFileReference; fileEncoding = 4; lastKnownFileType = sourcecode.c.h; path = Network.h; sourceTree = "<group>"; };
		C0C6203C1B39519700FBC471 /* Network.mm */ = {isa = PBXFileReference; fileEncoding = 4; lastKnownFileType = sourcecode.cpp.objcpp; path = Network.mm; sourceTree = "<group>"; };
		C0CAEDF21B271187003DEEE0 /* handyExtension.appex */ = {isa = PBXFileReference; explicitFileType = "wrapper.app-extension"; includeInIndex = 0; path = handyExtension.appex; sourceTree = BUILT_PRODUCTS_DIR; };
		C0CAEDF31B271187003DEEE0 /* PhotosUI.framework */ = {isa = PBXFileReference; lastKnownFileType = wrapper.framework; name = PhotosUI.framework; path = System/Library/Frameworks/PhotosUI.framework; sourceTree = SDKROOT; };
		C0CAEDF51B271187003DEEE0 /* Photos.framework */ = {isa = PBXFileReference; lastKnownFileType = wrapper.framework; name = Photos.framework; path = System/Library/Frameworks/Photos.framework; sourceTree = SDKROOT; };
		C0CAEDF91B271187003DEEE0 /* Info.plist */ = {isa = PBXFileReference; lastKnownFileType = text.plist.xml; path = Info.plist; sourceTree = "<group>"; };
		C0CAEDFA1B271187003DEEE0 /* PhotoEditingViewController.h */ = {isa = PBXFileReference; lastKnownFileType = sourcecode.c.h; path = PhotoEditingViewController.h; sourceTree = "<group>"; };
		C0CAEDFB1B271187003DEEE0 /* PhotoEditingViewController.m */ = {isa = PBXFileReference; lastKnownFileType = sourcecode.c.objc; path = PhotoEditingViewController.m; sourceTree = "<group>"; };
		C0CAEDFD1B271187003DEEE0 /* MainInterface.storyboard */ = {isa = PBXFileReference; lastKnownFileType = file.storyboard; path = MainInterface.storyboard; sourceTree = "<group>"; };
		D0C25702A7A3E1E85871DD5A /* Pods-handy.debug.xcconfig */ = {isa = PBXFileReference; includeInIndex = 1; lastKnownFileType = text.xcconfig; name = "Pods-handy.debug.xcconfig"; path = "../../pod_GitHub/handy/Pods/Target Support Files/Pods-handy/Pods-handy.debug.xcconfig"; sourceTree = "<group>"; };
/* End PBXFileReference section */

/* Begin PBXFrameworksBuildPhase section */
		C072C6DC1AF75E87006490FA /* Frameworks */ = {
			isa = PBXFrameworksBuildPhase;
			buildActionMask = 2147483647;
			files = (
				C0C42D471B521BC400238799 /* libJFoundation.a in Frameworks */,
			);
			runOnlyForDeploymentPostprocessing = 0;
		};
		C072C6F81AF75E88006490FA /* Frameworks */ = {
			isa = PBXFrameworksBuildPhase;
			buildActionMask = 2147483647;
			files = (
			);
			runOnlyForDeploymentPostprocessing = 0;
		};
		C0CAEDEF1B271187003DEEE0 /* Frameworks */ = {
			isa = PBXFrameworksBuildPhase;
			buildActionMask = 2147483647;
			files = (
				C0CAEDF41B271187003DEEE0 /* PhotosUI.framework in Frameworks */,
				C0CAEDF61B271187003DEEE0 /* Photos.framework in Frameworks */,
			);
			runOnlyForDeploymentPostprocessing = 0;
		};
/* End PBXFrameworksBuildPhase section */

/* Begin PBXGroup section */
		5D5860BE93EAAD014ADFED8F /* Frameworks */ = {
			isa = PBXGroup;
			children = (
				C0C42D381B51626700238799 /* JFoundation.xcodeproj */,
				2A9C1FAF7705652DBD5928A6 /* libPods-handy.a */,
				C0CAEDF31B271187003DEEE0 /* PhotosUI.framework */,
				C0CAEDF51B271187003DEEE0 /* Photos.framework */,
			);
			name = Frameworks;
			sourceTree = "<group>";
		};
		C008158D1AF9CC980037A7DF /* AvgLoad */ = {
			isa = PBXGroup;
			children = (
				C008158B1AF9CC490037A7DF /* AvgLoadView.xib */,
				C00815871AF9CBAE0037A7DF /* AvgLoadView.m */,
				C00815801AF9CB290037A7DF /* AvgLoadView.h */,
			);
			name = AvgLoad;
			path = ../../../GitHub/Handy/handy/AvgLoad;
			sourceTree = "<group>";
		};
		C008158E1AF9E92E0037A7DF /* album */ = {
			isa = PBXGroup;
			children = (
				C072C70B1AF75F20006490FA /* AlbumContentsCollectionViewController.m */,
				C072C70C1AF75F20006490FA /* AlbumContentsCollectionViewController.h */,
				C072C70F1AF75F20006490FA /* AssetsDataIsInaccessibleViewController.h */,
				C072C7101AF75F20006490FA /* AssetsDataIsInaccessibleViewController.m */,
				C072C7111AF75F20006490FA /* cameraview.xib */,
				C072C7161AF75F20006490FA /* HandyRootViewController.h */,
				C072C7171AF75F20006490FA /* HandyRootViewController.m */,
				C072C7181AF75F20006490FA /* ImageScrollView.h */,
				C072C7191AF75F20006490FA /* ImageScrollView.m */,
				C072C71A1AF75F20006490FA /* MyPageViewController.h */,
				C072C71B1AF75F20006490FA /* MyPageViewController.m */,
				C072C71C1AF75F20006490FA /* PageViewControllerData.h */,
				C072C71D1AF75F20006490FA /* PageViewControllerData.m */,
				C072C71E1AF75F20006490FA /* PhotoViewController.h */,
				C072C71F1AF75F20006490FA /* PhotoViewController.m */,
				C0AFD2D71AFA506200CF3405 /* AlbumViewControllerFactory.h */,
				C0AFD2D81AFA506200CF3405 /* AlbumViewControllerFactory.m */,
				C0081CFA1B1A0FB0009EB1A4 /* AlbumContentsDataSource.h */,
				C0081CFB1B1A0FB0009EB1A4 /* AlbumContentsDataSource.m */,
			);
			name = album;
			path = ../../../GitHub/Handy/handy/album;
			sourceTree = "<group>";
		};
		C00815901AF9EE150037A7DF /* testTraits */ = {
			isa = PBXGroup;
			children = (
				C00815911AF9EE2B0037A7DF /* test.storyboard */,
				C0AFD2C71AF9EF2600CF3405 /* TestViewController.h */,
				C0AFD2C81AF9EF2600CF3405 /* TestViewController.m */,
				C0AFD2CA1AF9F18700CF3405 /* TestViewControllerFactory.h */,
				C0AFD2CB1AF9F18700CF3405 /* TestViewControllerFactory.m */,
			);
			name = testTraits;
			path = ../../../GitHub/Handy/handy/testTraits;
			sourceTree = "<group>";
		};
		C072C6D61AF75E87006490FA = {
			isa = PBXGroup;
			children = (
				C0C488971B686D9E003440D0 /* JAlbumCollectionViewCell.xib */,
				C0C488981B686D9E003440D0 /* JAlbumView.xib */,
				C072C6E11AF75E87006490FA /* handy */,
				C072C6FE1AF75E88006490FA /* handyTests */,
				C0CAEDF71B271187003DEEE0 /* handyExtension */,
				C072C6E01AF75E87006490FA /* Products */,
				E15B0C3617434347489662B9 /* Pods */,
				5D5860BE93EAAD014ADFED8F /* Frameworks */,
			);
			sourceTree = "<group>";
		};
		C072C6E01AF75E87006490FA /* Products */ = {
			isa = PBXGroup;
			children = (
				C072C6DF1AF75E87006490FA /* handy.app */,
				C072C6FB1AF75E88006490FA /* handyTests.xctest */,
				C0CAEDF21B271187003DEEE0 /* handyExtension.appex */,
			);
			name = Products;
			sourceTree = "<group>";
		};
		C072C6E11AF75E87006490FA /* handy */ = {
			isa = PBXGroup;
			children = (
				C0C620351B393D5100FBC471 /* Network */,
				C00815901AF9EE150037A7DF /* testTraits */,
				C008158E1AF9E92E0037A7DF /* album */,
				C008158D1AF9CC980037A7DF /* AvgLoad */,
				C0838BE21AF76025004F636C /* Main.storyboard */,
				C072C70D1AF75F20006490FA /* AppDelegate.h */,
				C072C70E1AF75F20006490FA /* AppDelegate.m */,
				C072C7121AF75F20006490FA /* handy.xcdatamodeld */,
				C072C7141AF75F20006490FA /* HandyMainViewController.h */,
				C072C7151AF75F20006490FA /* HandyMainViewController.m */,
				C072C6F21AF75E87006490FA /* Images.xcassets */,
				C072C6F41AF75E87006490FA /* LaunchScreen.xib */,
				C072C6E91AF75E87006490FA /* handy.xcdatamodeld */,
				C072C6E21AF75E87006490FA /* Supporting Files */,
			);
			path = handy;
			sourceTree = "<group>";
		};
		C072C6E21AF75E87006490FA /* Supporting Files */ = {
			isa = PBXGroup;
			children = (
				C072C6E31AF75E87006490FA /* Info.plist */,
				C072C6E41AF75E87006490FA /* main.m */,
			);
			name = "Supporting Files";
			sourceTree = "<group>";
		};
		C072C6FE1AF75E88006490FA /* handyTests */ = {
			isa = PBXGroup;
			children = (
				C072C7011AF75E88006490FA /* handyTests.m */,
				C072C6FF1AF75E88006490FA /* Supporting Files */,
			);
			path = handyTests;
			sourceTree = "<group>";
		};
		C072C6FF1AF75E88006490FA /* Supporting Files */ = {
			isa = PBXGroup;
			children = (
				C072C7001AF75E88006490FA /* Info.plist */,
			);
			name = "Supporting Files";
			sourceTree = "<group>";
		};
		C0C42D391B51626700238799 /* Products */ = {
			isa = PBXGroup;
			children = (
				C0C42D3E1B51626700238799 /* libJFoundation.a */,
				C0C42D401B51626700238799 /* JFoundationTests.xctest */,
			);
			name = Products;
			sourceTree = "<group>";
		};
		C0C620351B393D5100FBC471 /* Network */ = {
			isa = PBXGroup;
			children = (
				C0C6203B1B39519700FBC471 /* Network.h */,
				C0C6203C1B39519700FBC471 /* Network.mm */,
			);
			name = Network;
			path = ../../../GitHub/Handy/handy/Network;
			sourceTree = "<group>";
		};
		C0CAEDF71B271187003DEEE0 /* handyExtension */ = {
			isa = PBXGroup;
			children = (
				C0CAEDFA1B271187003DEEE0 /* PhotoEditingViewController.h */,
				C0CAEDFB1B271187003DEEE0 /* PhotoEditingViewController.m */,
				C0CAEDFD1B271187003DEEE0 /* MainInterface.storyboard */,
				C0CAEDF81B271187003DEEE0 /* Supporting Files */,
			);
			path = handyExtension;
			sourceTree = "<group>";
		};
		C0CAEDF81B271187003DEEE0 /* Supporting Files */ = {
			isa = PBXGroup;
			children = (
				C0CAEDF91B271187003DEEE0 /* Info.plist */,
			);
			name = "Supporting Files";
			sourceTree = "<group>";
		};
		E15B0C3617434347489662B9 /* Pods */ = {
			isa = PBXGroup;
			children = (
				D0C25702A7A3E1E85871DD5A /* Pods-handy.debug.xcconfig */,
				4D739F8693CF891612B03575 /* Pods-handy.release.xcconfig */,
			);
			name = Pods;
			sourceTree = "<group>";
		};
/* End PBXGroup section */

/* Begin PBXNativeTarget section */
		C072C6DE1AF75E87006490FA /* handy */ = {
			isa = PBXNativeTarget;
			buildConfigurationList = C072C7051AF75E88006490FA /* Build configuration list for PBXNativeTarget "handy" */;
			buildPhases = (
				A79F19B92634F72D4DFE4700 /* Check Pods Manifest.lock */,
				C072C6DB1AF75E87006490FA /* Sources */,
				C072C6DC1AF75E87006490FA /* Frameworks */,
				C072C6DD1AF75E87006490FA /* Resources */,
				7A365F6B011D5D6DFCE3AAD7 /* Copy Pods Resources */,
				C0CAEE051B271187003DEEE0 /* Embed App Extensions */,
			);
			buildRules = (
			);
			dependencies = (
				C0C42D421B51647A00238799 /* PBXTargetDependency */,
				C0CAEE001B271187003DEEE0 /* PBXTargetDependency */,
			);
			name = handy;
			productName = handy;
			productReference = C072C6DF1AF75E87006490FA /* handy.app */;
			productType = "com.apple.product-type.application";
		};
		C072C6FA1AF75E88006490FA /* handyTests */ = {
			isa = PBXNativeTarget;
			buildConfigurationList = C072C7081AF75E88006490FA /* Build configuration list for PBXNativeTarget "handyTests" */;
			buildPhases = (
				C072C6F71AF75E88006490FA /* Sources */,
				C072C6F81AF75E88006490FA /* Frameworks */,
				C072C6F91AF75E88006490FA /* Resources */,
			);
			buildRules = (
			);
			dependencies = (
				C072C6FD1AF75E88006490FA /* PBXTargetDependency */,
			);
			name = handyTests;
			productName = handyTests;
			productReference = C072C6FB1AF75E88006490FA /* handyTests.xctest */;
			productType = "com.apple.product-type.bundle.unit-test";
		};
		C0CAEDF11B271187003DEEE0 /* handyExtension */ = {
			isa = PBXNativeTarget;
			buildConfigurationList = C0CAEE021B271187003DEEE0 /* Build configuration list for PBXNativeTarget "handyExtension" */;
			buildPhases = (
				C0CAEDEE1B271187003DEEE0 /* Sources */,
				C0CAEDEF1B271187003DEEE0 /* Frameworks */,
				C0CAEDF01B271187003DEEE0 /* Resources */,
			);
			buildRules = (
			);
			dependencies = (
			);
			name = handyExtension;
			productName = handyExtension;
			productReference = C0CAEDF21B271187003DEEE0 /* handyExtension.appex */;
			productType = "com.apple.product-type.app-extension";
		};
/* End PBXNativeTarget section */

/* Begin PBXProject section */
		C072C6D71AF75E87006490FA /* Project object */ = {
			isa = PBXProject;
			attributes = {
				LastUpgradeCheck = 0630;
				ORGANIZATIONNAME = dw_fangyang;
				TargetAttributes = {
					C072C6DE1AF75E87006490FA = {
						CreatedOnToolsVersion = 6.3;
					};
					C072C6FA1AF75E88006490FA = {
						CreatedOnToolsVersion = 6.3;
						TestTargetID = C072C6DE1AF75E87006490FA;
					};
					C0CAEDF11B271187003DEEE0 = {
						CreatedOnToolsVersion = 6.3.2;
					};
				};
			};
			buildConfigurationList = C072C6DA1AF75E87006490FA /* Build configuration list for PBXProject "handy" */;
			compatibilityVersion = "Xcode 3.2";
			developmentRegion = English;
			hasScannedForEncodings = 0;
			knownRegions = (
				en,
				Base,
			);
			mainGroup = C072C6D61AF75E87006490FA;
			productRefGroup = C072C6E01AF75E87006490FA /* Products */;
			projectDirPath = "";
			projectReferences = (
				{
					ProductGroup = C0C42D391B51626700238799 /* Products */;
					ProjectRef = C0C42D381B51626700238799 /* JFoundation.xcodeproj */;
				},
			);
			projectRoot = "";
			targets = (
				C072C6DE1AF75E87006490FA /* handy */,
				C072C6FA1AF75E88006490FA /* handyTests */,
				C0CAEDF11B271187003DEEE0 /* handyExtension */,
			);
		};
/* End PBXProject section */

/* Begin PBXReferenceProxy section */
		C0C42D3E1B51626700238799 /* libJFoundation.a */ = {
			isa = PBXReferenceProxy;
			fileType = archive.ar;
			path = libJFoundation.a;
			remoteRef = C0C42D3D1B51626700238799 /* PBXContainerItemProxy */;
			sourceTree = BUILT_PRODUCTS_DIR;
		};
		C0C42D401B51626700238799 /* JFoundationTests.xctest */ = {
			isa = PBXReferenceProxy;
			fileType = wrapper.cfbundle;
			path = JFoundationTests.xctest;
			remoteRef = C0C42D3F1B51626700238799 /* PBXContainerItemProxy */;
			sourceTree = BUILT_PRODUCTS_DIR;
		};
/* End PBXReferenceProxy section */

/* Begin PBXResourcesBuildPhase section */
		C072C6DD1AF75E87006490FA /* Resources */ = {
			isa = PBXResourcesBuildPhase;
			buildActionMask = 2147483647;
			files = (
				C0C488991B686D9E003440D0 /* JAlbumCollectionViewCell.xib in Resources */,
				C0C4889A1B686D9E003440D0 /* JAlbumView.xib in Resources */,
				C072C6F61AF75E87006490FA /* LaunchScreen.xib in Resources */,
				C072C6F31AF75E87006490FA /* Images.xcassets in Resources */,
				C008158C1AF9CC490037A7DF /* AvgLoadView.xib in Resources */,
				C072C7231AF75F20006490FA /* cameraview.xib in Resources */,
				C00815921AF9EE2B0037A7DF /* test.storyboard in Resources */,
				C0838BE41AF76025004F636C /* Main.storyboard in Resources */,
			);
			runOnlyForDeploymentPostprocessing = 0;
		};
		C072C6F91AF75E88006490FA /* Resources */ = {
			isa = PBXResourcesBuildPhase;
			buildActionMask = 2147483647;
			files = (
			);
			runOnlyForDeploymentPostprocessing = 0;
		};
		C0CAEDF01B271187003DEEE0 /* Resources */ = {
			isa = PBXResourcesBuildPhase;
			buildActionMask = 2147483647;
			files = (
				C0CAEDFE1B271187003DEEE0 /* MainInterface.storyboard in Resources */,
			);
			runOnlyForDeploymentPostprocessing = 0;
		};
/* End PBXResourcesBuildPhase section */

/* Begin PBXShellScriptBuildPhase section */
		7A365F6B011D5D6DFCE3AAD7 /* Copy Pods Resources */ = {
			isa = PBXShellScriptBuildPhase;
			buildActionMask = 2147483647;
			files = (
			);
			inputPaths = (
			);
			name = "Copy Pods Resources";
			outputPaths = (
			);
			runOnlyForDeploymentPostprocessing = 0;
			shellPath = /bin/sh;
			shellScript = "\"${SRCROOT}/../../pod_GitHub/handy/Pods/Target Support Files/Pods-handy/Pods-handy-resources.sh\"\n";
			showEnvVarsInLog = 0;
		};
		A79F19B92634F72D4DFE4700 /* Check Pods Manifest.lock */ = {
			isa = PBXShellScriptBuildPhase;
			buildActionMask = 2147483647;
			files = (
			);
			inputPaths = (
			);
			name = "Check Pods Manifest.lock";
			outputPaths = (
			);
			runOnlyForDeploymentPostprocessing = 0;
			shellPath = /bin/sh;
			shellScript = "diff \"${PODS_ROOT}/../Podfile.lock\" \"${PODS_ROOT}/Manifest.lock\" > /dev/null\nif [[ $? != 0 ]] ; then\n    cat << EOM\nerror: The sandbox is not in sync with the Podfile.lock. Run 'pod install' or update your CocoaPods installation.\nEOM\n    exit 1\nfi\n";
			showEnvVarsInLog = 0;
		};
/* End PBXShellScriptBuildPhase section */

/* Begin PBXSourcesBuildPhase section */
		C072C6DB1AF75E87006490FA /* Sources */ = {
			isa = PBXSourcesBuildPhase;
			buildActionMask = 2147483647;
			files = (
				C072C7291AF75F20006490FA /* PageViewControllerData.m in Sources */,
				C00815881AF9CBAE0037A7DF /* AvgLoadView.m in Sources */,
				C0AFD2C91AF9EF2600CF3405 /* TestViewController.m in Sources */,
				C0AFD2CC1AF9F18700CF3405 /* TestViewControllerFactory.m in Sources */,
				C072C7211AF75F20006490FA /* AppDelegate.m in Sources */,
				C072C6EB1AF75E87006490FA /* handy.xcdatamodeld in Sources */,
				C0081CFC1B1A0FB0009EB1A4 /* AlbumContentsDataSource.m in Sources */,
				C072C7201AF75F20006490FA /* AlbumContentsCollectionViewController.h in Sources */,
				C0B2BC2D1B1A9AFF00CF5109 /* AlbumContentsCollectionViewController.m in Sources */,
				C072C7271AF75F20006490FA /* ImageScrollView.m in Sources */,
				C072C7261AF75F20006490FA /* HandyRootViewController.m in Sources */,
				C072C7281AF75F20006490FA /* MyPageViewController.m in Sources */,
				C0AFD2D91AFA506200CF3405 /* AlbumViewControllerFactory.m in Sources */,
				C072C7251AF75F20006490FA /* HandyMainViewController.m in Sources */,
				C072C7221AF75F20006490FA /* AssetsDataIsInaccessibleViewController.m in Sources */,
				C072C72A1AF75F20006490FA /* PhotoViewController.m in Sources */,
				C072C7241AF75F20006490FA /* handy.xcdatamodeld in Sources */,
				C0C6203D1B39519700FBC471 /* Network.mm in Sources */,
				C072C6E51AF75E87006490FA /* main.m in Sources */,
			);
			runOnlyForDeploymentPostprocessing = 0;
		};
		C072C6F71AF75E88006490FA /* Sources */ = {
			isa = PBXSourcesBuildPhase;
			buildActionMask = 2147483647;
			files = (
				C072C7021AF75E88006490FA /* handyTests.m in Sources */,
			);
			runOnlyForDeploymentPostprocessing = 0;
		};
		C0CAEDEE1B271187003DEEE0 /* Sources */ = {
			isa = PBXSourcesBuildPhase;
			buildActionMask = 2147483647;
			files = (
				C0CAEDFC1B271187003DEEE0 /* PhotoEditingViewController.m in Sources */,
			);
			runOnlyForDeploymentPostprocessing = 0;
		};
/* End PBXSourcesBuildPhase section */

/* Begin PBXTargetDependency section */
		C072C6FD1AF75E88006490FA /* PBXTargetDependency */ = {
			isa = PBXTargetDependency;
			target = C072C6DE1AF75E87006490FA /* handy */;
			targetProxy = C072C6FC1AF75E88006490FA /* PBXContainerItemProxy */;
		};
		C0C42D421B51647A00238799 /* PBXTargetDependency */ = {
			isa = PBXTargetDependency;
			name = JFoundation;
			targetProxy = C0C42D411B51647A00238799 /* PBXContainerItemProxy */;
		};
		C0CAEE001B271187003DEEE0 /* PBXTargetDependency */ = {
			isa = PBXTargetDependency;
			target = C0CAEDF11B271187003DEEE0 /* handyExtension */;
			targetProxy = C0CAEDFF1B271187003DEEE0 /* PBXContainerItemProxy */;
		};
/* End PBXTargetDependency section */

/* Begin PBXVariantGroup section */
		C072C6F41AF75E87006490FA /* LaunchScreen.xib */ = {
			isa = PBXVariantGroup;
			children = (
				C072C6F51AF75E87006490FA /* Base */,
			);
			name = LaunchScreen.xib;
			sourceTree = "<group>";
		};
		C0838BE21AF76025004F636C /* Main.storyboard */ = {
			isa = PBXVariantGroup;
			children = (
				C0838BE31AF76025004F636C /* Base */,
			);
			name = Main.storyboard;
			sourceTree = "<group>";
		};
/* End PBXVariantGroup section */

/* Begin XCBuildConfiguration section */
		C072C7031AF75E88006490FA /* Debug */ = {
			isa = XCBuildConfiguration;
			buildSettings = {
				ALWAYS_SEARCH_USER_PATHS = NO;
				APPLY_RULES_IN_COPY_FILES = NO;
				CLANG_CXX_LANGUAGE_STANDARD = "gnu++0x";
				CLANG_CXX_LIBRARY = "libc++";
				CLANG_ENABLE_MODULES = YES;
				CLANG_ENABLE_OBJC_ARC = YES;
				CLANG_WARN_BOOL_CONVERSION = YES;
				CLANG_WARN_CONSTANT_CONVERSION = YES;
				CLANG_WARN_DIRECT_OBJC_ISA_USAGE = YES_ERROR;
				CLANG_WARN_EMPTY_BODY = YES;
				CLANG_WARN_ENUM_CONVERSION = YES;
				CLANG_WARN_INT_CONVERSION = YES;
				CLANG_WARN_OBJC_ROOT_CLASS = YES_ERROR;
				CLANG_WARN_UNREACHABLE_CODE = YES;
				CLANG_WARN__DUPLICATE_METHOD_MATCH = YES;
				"CODE_SIGN_IDENTITY[sdk=iphoneos*]" = "iPhone Developer";
				COPY_PHASE_STRIP = NO;
				DEBUG_INFORMATION_FORMAT = "dwarf-with-dsym";
				ENABLE_STRICT_OBJC_MSGSEND = YES;
				GCC_C_LANGUAGE_STANDARD = gnu99;
				GCC_DYNAMIC_NO_PIC = NO;
				GCC_NO_COMMON_BLOCKS = YES;
				GCC_OPTIMIZATION_LEVEL = 0;
				GCC_PREPROCESSOR_DEFINITIONS = (
					"DEBUG=1",
					"$(inherited)",
				);
				GCC_SYMBOLS_PRIVATE_EXTERN = NO;
				GCC_WARN_64_TO_32_BIT_CONVERSION = YES;
				GCC_WARN_ABOUT_RETURN_TYPE = YES_ERROR;
				GCC_WARN_UNDECLARED_SELECTOR = YES;
				GCC_WARN_UNINITIALIZED_AUTOS = YES_AGGRESSIVE;
				GCC_WARN_UNUSED_FUNCTION = YES;
				GCC_WARN_UNUSED_VARIABLE = YES;
				IPHONEOS_DEPLOYMENT_TARGET = 7.0;
				MTL_ENABLE_DEBUG_INFO = YES;
				ONLY_ACTIVE_ARCH = YES;
				OTHER_LDFLAGS = "";
				SDKROOT = iphoneos;
			};
			name = Debug;
		};
		C072C7041AF75E88006490FA /* Release */ = {
			isa = XCBuildConfiguration;
			buildSettings = {
				ALWAYS_SEARCH_USER_PATHS = NO;
				APPLY_RULES_IN_COPY_FILES = NO;
				CLANG_CXX_LANGUAGE_STANDARD = "gnu++0x";
				CLANG_CXX_LIBRARY = "libc++";
				CLANG_ENABLE_MODULES = YES;
				CLANG_ENABLE_OBJC_ARC = YES;
				CLANG_WARN_BOOL_CONVERSION = YES;
				CLANG_WARN_CONSTANT_CONVERSION = YES;
				CLANG_WARN_DIRECT_OBJC_ISA_USAGE = YES_ERROR;
				CLANG_WARN_EMPTY_BODY = YES;
				CLANG_WARN_ENUM_CONVERSION = YES;
				CLANG_WARN_INT_CONVERSION = YES;
				CLANG_WARN_OBJC_ROOT_CLASS = YES_ERROR;
				CLANG_WARN_UNREACHABLE_CODE = YES;
				CLANG_WARN__DUPLICATE_METHOD_MATCH = YES;
				"CODE_SIGN_IDENTITY[sdk=iphoneos*]" = "iPhone Developer";
				COPY_PHASE_STRIP = NO;
				DEBUG_INFORMATION_FORMAT = "dwarf-with-dsym";
				ENABLE_NS_ASSERTIONS = NO;
				ENABLE_STRICT_OBJC_MSGSEND = YES;
				GCC_C_LANGUAGE_STANDARD = gnu99;
				GCC_NO_COMMON_BLOCKS = YES;
				GCC_WARN_64_TO_32_BIT_CONVERSION = YES;
				GCC_WARN_ABOUT_RETURN_TYPE = YES_ERROR;
				GCC_WARN_UNDECLARED_SELECTOR = YES;
				GCC_WARN_UNINITIALIZED_AUTOS = YES_AGGRESSIVE;
				GCC_WARN_UNUSED_FUNCTION = YES;
				GCC_WARN_UNUSED_VARIABLE = YES;
				IPHONEOS_DEPLOYMENT_TARGET = 7.0;
				MTL_ENABLE_DEBUG_INFO = NO;
				ONLY_ACTIVE_ARCH = NO;
				OTHER_LDFLAGS = "";
				SDKROOT = iphoneos;
				VALIDATE_PRODUCT = YES;
			};
			name = Release;
		};
		C072C7061AF75E88006490FA /* Debug */ = {
			isa = XCBuildConfiguration;
			baseConfigurationReference = D0C25702A7A3E1E85871DD5A /* Pods-handy.debug.xcconfig */;
			buildSettings = {
				ALWAYS_SEARCH_USER_PATHS = NO;
				ASSETCATALOG_COMPILER_APPICON_NAME = AppIcon;
				ASSETCATALOG_COMPILER_LAUNCHIMAGE_NAME = LaunchImage;
				CODE_SIGN_IDENTITY = "iPhone Developer";
				INFOPLIST_FILE = handy/Info.plist;
				LD_RUNPATH_SEARCH_PATHS = "$(inherited) @executable_path/Frameworks";
				LIBRARY_SEARCH_PATHS = (
					"$(inherited)",
					"/Users/fangyang/pod_GitHub/handy/Pods/../build/Debug-iphoneos",
				);
				ONLY_ACTIVE_ARCH = NO;
				PRODUCT_NAME = "$(TARGET_NAME)";
				USER_HEADER_SEARCH_PATHS = "$(SRCROOT)/JFoundation/JFoundation/**";
			};
			name = Debug;
		};
		C072C7071AF75E88006490FA /* Release */ = {
			isa = XCBuildConfiguration;
			baseConfigurationReference = 4D739F8693CF891612B03575 /* Pods-handy.release.xcconfig */;
			buildSettings = {
				ALWAYS_SEARCH_USER_PATHS = NO;
				ASSETCATALOG_COMPILER_APPICON_NAME = AppIcon;
				ASSETCATALOG_COMPILER_LAUNCHIMAGE_NAME = LaunchImage;
				CODE_SIGN_IDENTITY = "iPhone Developer";
				INFOPLIST_FILE = handy/Info.plist;
				LD_RUNPATH_SEARCH_PATHS = "$(inherited) @executable_path/Frameworks";
				LIBRARY_SEARCH_PATHS = (
					"$(inherited)",
					"/Users/fangyang/pod_GitHub/handy/Pods/../build/Debug-iphoneos",
				);
				ONLY_ACTIVE_ARCH = NO;
				PRODUCT_NAME = "$(TARGET_NAME)";
				USER_HEADER_SEARCH_PATHS = "$(SRCROOT)/JFoundation/JFoundation/**";
			};
			name = Release;
		};
		C072C7091AF75E88006490FA /* Debug */ = {
			isa = XCBuildConfiguration;
			buildSettings = {
				BUNDLE_LOADER = "$(TEST_HOST)";
				FRAMEWORK_SEARCH_PATHS = (
					"$(SDKROOT)/Developer/Library/Frameworks",
					"$(inherited)",
				);
				GCC_PREPROCESSOR_DEFINITIONS = (
					"DEBUG=1",
					"$(inherited)",
				);
				INFOPLIST_FILE = handyTests/Info.plist;
				LD_RUNPATH_SEARCH_PATHS = "$(inherited) @executable_path/Frameworks @loader_path/Frameworks";
				PRODUCT_NAME = "$(TARGET_NAME)";
				TEST_HOST = "$(BUILT_PRODUCTS_DIR)/handy.app/handy";
			};
			name = Debug;
		};
		C072C70A1AF75E88006490FA /* Release */ = {
			isa = XCBuildConfiguration;
			buildSettings = {
				BUNDLE_LOADER = "$(TEST_HOST)";
				FRAMEWORK_SEARCH_PATHS = (
					"$(SDKROOT)/Developer/Library/Frameworks",
					"$(inherited)",
				);
				INFOPLIST_FILE = handyTests/Info.plist;
				LD_RUNPATH_SEARCH_PATHS = "$(inherited) @executable_path/Frameworks @loader_path/Frameworks";
				PRODUCT_NAME = "$(TARGET_NAME)";
				TEST_HOST = "$(BUILT_PRODUCTS_DIR)/handy.app/handy";
			};
			name = Release;
		};
		C0CAEE031B271187003DEEE0 /* Debug */ = {
			isa = XCBuildConfiguration;
			buildSettings = {
				CODE_SIGN_IDENTITY = "iPhone Developer";
				GCC_PREPROCESSOR_DEFINITIONS = (
					"DEBUG=1",
					"$(inherited)",
				);
				INFOPLIST_FILE = handyExtension/Info.plist;
				IPHONEOS_DEPLOYMENT_TARGET = 8.0;
				LD_RUNPATH_SEARCH_PATHS = "$(inherited) @executable_path/Frameworks @executable_path/../../Frameworks";
				PRODUCT_NAME = "$(TARGET_NAME)";
				SKIP_INSTALL = YES;
			};
			name = Debug;
		};
		C0CAEE041B271187003DEEE0 /* Release */ = {
			isa = XCBuildConfiguration;
			buildSettings = {
				CODE_SIGN_IDENTITY = "iPhone Developer";
				INFOPLIST_FILE = handyExtension/Info.plist;
				IPHONEOS_DEPLOYMENT_TARGET = 8.0;
				LD_RUNPATH_SEARCH_PATHS = "$(inherited) @executable_path/Frameworks @executable_path/../../Frameworks";
				PRODUCT_NAME = "$(TARGET_NAME)";
				SKIP_INSTALL = YES;
			};
			name = Release;
		};
/* End XCBuildConfiguration section */

/* Begin XCConfigurationList section */
		C072C6DA1AF75E87006490FA /* Build configuration list for PBXProject "handy" */ = {
			isa = XCConfigurationList;
			buildConfigurations = (
				C072C7031AF75E88006490FA /* Debug */,
				C072C7041AF75E88006490FA /* Release */,
			);
			defaultConfigurationIsVisible = 0;
			defaultConfigurationName = Release;
		};
		C072C7051AF75E88006490FA /* Build configuration list for PBXNativeTarget "handy" */ = {
			isa = XCConfigurationList;
			buildConfigurations = (
				C072C7061AF75E88006490FA /* Debug */,
				C072C7071AF75E88006490FA /* Release */,
			);
			defaultConfigurationIsVisible = 0;
			defaultConfigurationName = Release;
		};
		C072C7081AF75E88006490FA /* Build configuration list for PBXNativeTarget "handyTests" */ = {
			isa = XCConfigurationList;
			buildConfigurations = (
				C072C7091AF75E88006490FA /* Debug */,
				C072C70A1AF75E88006490FA /* Release */,
			);
			defaultConfigurationIsVisible = 0;
			defaultConfigurationName = Release;
		};
		C0CAEE021B271187003DEEE0 /* Build configuration list for PBXNativeTarget "handyExtension" */ = {
			isa = XCConfigurationList;
			buildConfigurations = (
				C0CAEE031B271187003DEEE0 /* Debug */,
				C0CAEE041B271187003DEEE0 /* Release */,
			);
			defaultConfigurationIsVisible = 0;
			defaultConfigurationName = Release;
		};
/* End XCConfigurationList section */

/* Begin XCVersionGroup section */
		C072C6E91AF75E87006490FA /* handy.xcdatamodeld */ = {
			isa = XCVersionGroup;
			children = (
				C072C6EA1AF75E87006490FA /* handy.xcdatamodel */,
			);
			currentVersion = C072C6EA1AF75E87006490FA /* handy.xcdatamodel */;
			path = handy.xcdatamodeld;
			sourceTree = "<group>";
			versionGroupType = wrapper.xcdatamodel;
		};
		C072C7121AF75F20006490FA /* handy.xcdatamodeld */ = {
			isa = XCVersionGroup;
			children = (
				C072C7131AF75F20006490FA /* handy.xcdatamodel */,
			);
			currentVersion = C072C7131AF75F20006490FA /* handy.xcdatamodel */;
			path = handy.xcdatamodeld;
			sourceTree = "<group>";
			versionGroupType = wrapper.xcdatamodel;
		};
/* End XCVersionGroup section */
	};
	rootObject = C072C6D71AF75E87006490FA /* Project object */;
}
