// !$*UTF8*$!
{
	archiveVersion = 1;
	classes = {
	};
	objectVersion = 46;
	objects = {

/* Begin PBXBuildFile section */
		8F4A471042F44748C4F46293 /* libPods-handy.a in Frameworks */ = {isa = PBXBuildFile; fileRef = 2A9C1FAF7705652DBD5928A6 /* libPods-handy.a */; };
		C00815881AF9CBAE0037A7DF /* AvgLoadView.m in Sources */ = {isa = PBXBuildFile; fileRef = C00815871AF9CBAE0037A7DF /* AvgLoadView.m */; };
		C008158C1AF9CC490037A7DF /* AvgLoadView.xib in Resources */ = {isa = PBXBuildFile; fileRef = C008158B1AF9CC490037A7DF /* AvgLoadView.xib */; };
		C00815921AF9EE2B0037A7DF /* test.storyboard in Resources */ = {isa = PBXBuildFile; fileRef = C00815911AF9EE2B0037A7DF /* test.storyboard */; };
		C0081CFC1B1A0FB0009EB1A4 /* AlbumContentsDataSource.m in Sources */ = {isa = PBXBuildFile; fileRef = C0081CFB1B1A0FB0009EB1A4 /* AlbumContentsDataSource.m */; };
		C072C6E51AF75E87006490FA /* main.m in Sources */ = {isa = PBXBuildFile; fileRef = C072C6E41AF75E87006490FA /* main.m */; };
		C072C6EB1AF75E87006490FA /* handy.xcdatamodeld in Sources */ = {isa = PBXBuildFile; fileRef = C072C6E91AF75E87006490FA /* handy.xcdatamodeld */; };
		C072C6F31AF75E87006490FA /* Images.xcassets in Resources */ = {isa = PBXBuildFile; fileRef = C072C6F21AF75E87006490FA /* Images.xcassets */; };
		C072C6F61AF75E87006490FA /* LaunchScreen.xib in Resources */ = {isa = PBXBuildFile; fileRef = C072C6F41AF75E87006490FA /* LaunchScreen.xib */; };
		C072C7021AF75E88006490FA /* handyTests.m in Sources */ = {isa = PBXBuildFile; fileRef = C072C7011AF75E88006490FA /* handyTests.m */; };
		C072C7201AF75F20006490FA /* AlbumContentsCollectionViewController.h in Sources */ = {isa = PBXBuildFile; fileRef = C072C70C1AF75F20006490FA /* AlbumContentsCollectionViewController.h */; };
		C072C7211AF75F20006490FA /* AppDelegate.m in Sources */ = {isa = PBXBuildFile; fileRef = C072C70E1AF75F20006490FA /* AppDelegate.m */; };
		C072C7221AF75F20006490FA /* AssetsDataIsInaccessibleViewController.m in Sources */ = {isa = PBXBuildFile; fileRef = C072C7101AF75F20006490FA /* AssetsDataIsInaccessibleViewController.m */; };
		C072C7231AF75F20006490FA /* cameraview.xib in Resources */ = {isa = PBXBuildFile; fileRef = C072C7111AF75F20006490FA /* cameraview.xib */; };
		C072C7241AF75F20006490FA /* handy.xcdatamodeld in Sources */ = {isa = PBXBuildFile; fileRef = C072C7121AF75F20006490FA /* handy.xcdatamodeld */; };
		C072C7251AF75F20006490FA /* HandyMainViewController.m in Sources */ = {isa = PBXBuildFile; fileRef = C072C7151AF75F20006490FA /* HandyMainViewController.m */; };
		C072C7261AF75F20006490FA /* HandyRootViewController.m in Sources */ = {isa = PBXBuildFile; fileRef = C072C7171AF75F20006490FA /* HandyRootViewController.m */; };
		C072C7271AF75F20006490FA /* ImageScrollView.m in Sources */ = {isa = PBXBuildFile; fileRef = C072C7191AF75F20006490FA /* ImageScrollView.m */; };
		C072C7281AF75F20006490FA /* MyPageViewController.m in Sources */ = {isa = PBXBuildFile; fileRef = C072C71B1AF75F20006490FA /* MyPageViewController.m */; };
		C072C7291AF75F20006490FA /* PageViewControllerData.m in Sources */ = {isa = PBXBuildFile; fileRef = C072C71D1AF75F20006490FA /* PageViewControllerData.m */; };
		C072C72A1AF75F20006490FA /* PhotoViewController.m in Sources */ = {isa = PBXBuildFile; fileRef = C072C71F1AF75F20006490FA /* PhotoViewController.m */; };
		C0838BE41AF76025004F636C /* Main.storyboard in Resources */ = {isa = PBXBuildFile; fileRef = C0838BE21AF76025004F636C /* Main.storyboard */; };
		C0AE03C31B072DF900886FA8 /* JRuntime.m in Sources */ = {isa = PBXBuildFile; fileRef = C0AE03C21B072DF900886FA8 /* JRuntime.m */; };
		C0AE03C61B072F3A00886FA8 /* JRuntime+System.m in Sources */ = {isa = PBXBuildFile; fileRef = C0AE03C51B072F3A00886FA8 /* JRuntime+System.m */; };
		C0AEE26D1B11CBC9004416DD /* JAlbumCollectionViewLayout.m in Sources */ = {isa = PBXBuildFile; fileRef = C0AEE26C1B11CBC9004416DD /* JAlbumCollectionViewLayout.m */; };
		C0AEF2FD1B156B1D00D85AB4 /* JImageScrollView.m in Sources */ = {isa = PBXBuildFile; fileRef = C0AEF2FC1B156B1D00D85AB4 /* JImageScrollView.m */; };
		C0AEF3EC1B0DFCF800389F17 /* JAlbumCollectionViewCell.m in Sources */ = {isa = PBXBuildFile; fileRef = C0AEF3EA1B0DFCF800389F17 /* JAlbumCollectionViewCell.m */; };
		C0AEF3ED1B0DFCF800389F17 /* JAlbumCollectionViewCell.xib in Resources */ = {isa = PBXBuildFile; fileRef = C0AEF3EB1B0DFCF800389F17 /* JAlbumCollectionViewCell.xib */; };
		C0AFAA421AFB185100C65EC4 /* JTabbedView.m in Sources */ = {isa = PBXBuildFile; fileRef = C0AFAA411AFB185100C65EC4 /* JTabbedView.m */; };
		C0AFD2C91AF9EF2600CF3405 /* TestViewController.m in Sources */ = {isa = PBXBuildFile; fileRef = C0AFD2C81AF9EF2600CF3405 /* TestViewController.m */; };
		C0AFD2CC1AF9F18700CF3405 /* TestViewControllerFactory.m in Sources */ = {isa = PBXBuildFile; fileRef = C0AFD2CB1AF9F18700CF3405 /* TestViewControllerFactory.m */; };
		C0AFD2D21AF9F8DD00CF3405 /* JStoryboardViewControllerFactory.m in Sources */ = {isa = PBXBuildFile; fileRef = C0AFD2D11AF9F8DD00CF3405 /* JStoryboardViewControllerFactory.m */; };
		C0AFD2D91AFA506200CF3405 /* AlbumViewControllerFactory.m in Sources */ = {isa = PBXBuildFile; fileRef = C0AFD2D81AFA506200CF3405 /* AlbumViewControllerFactory.m */; };
		C0AFF4B41B083462004D8BED /* JAlbumView.m in Sources */ = {isa = PBXBuildFile; fileRef = C0AFF4B31B083462004D8BED /* JAlbumView.m */; };
		C0AFF4B61B0834AA004D8BED /* JAlbumView.xib in Resources */ = {isa = PBXBuildFile; fileRef = C0AFF4B51B0834AA004D8BED /* JAlbumView.xib */; };
		C0AFFA811B049D5C00615291 /* UIViewController+Utils.m in Sources */ = {isa = PBXBuildFile; fileRef = C0AFFA801B049D5C00615291 /* UIViewController+Utils.m */; };
		C0B2BC2D1B1A9AFF00CF5109 /* AlbumContentsCollectionViewController.m in Sources */ = {isa = PBXBuildFile; fileRef = C072C70B1AF75F20006490FA /* AlbumContentsCollectionViewController.m */; };
/* End PBXBuildFile section */

/* Begin PBXContainerItemProxy section */
		C072C6FC1AF75E88006490FA /* PBXContainerItemProxy */ = {
			isa = PBXContainerItemProxy;
			containerPortal = C072C6D71AF75E87006490FA /* Project object */;
			proxyType = 1;
			remoteGlobalIDString = C072C6DE1AF75E87006490FA;
			remoteInfo = handy;
		};
/* End PBXContainerItemProxy section */

/* Begin PBXFileReference section */
		2A9C1FAF7705652DBD5928A6 /* libPods-handy.a */ = {isa = PBXFileReference; explicitFileType = archive.ar; includeInIndex = 0; path = "libPods-handy.a"; sourceTree = BUILT_PRODUCTS_DIR; };
		4D739F8693CF891612B03575 /* Pods-handy.release.xcconfig */ = {isa = PBXFileReference; includeInIndex = 1; lastKnownFileType = text.xcconfig; name = "Pods-handy.release.xcconfig"; path = "../../pod_GitHub/handy/Pods/Target Support Files/Pods-handy/Pods-handy.release.xcconfig"; sourceTree = "<group>"; };
		C00815801AF9CB290037A7DF /* AvgLoadView.h */ = {isa = PBXFileReference; fileEncoding = 4; lastKnownFileType = sourcecode.c.h; name = AvgLoadView.h; path = ../../GitHub/Handy/handy/AvgLoad/AvgLoadView.h; sourceTree = SOURCE_ROOT; };
		C00815871AF9CBAE0037A7DF /* AvgLoadView.m */ = {isa = PBXFileReference; fileEncoding = 4; lastKnownFileType = sourcecode.c.objc; name = AvgLoadView.m; path = ../../GitHub/Handy/handy/AvgLoad/AvgLoadView.m; sourceTree = SOURCE_ROOT; };
		C008158B1AF9CC490037A7DF /* AvgLoadView.xib */ = {isa = PBXFileReference; fileEncoding = 4; lastKnownFileType = file.xib; name = AvgLoadView.xib; path = ../../GitHub/Handy/handy/AvgLoad/AvgLoadView.xib; sourceTree = SOURCE_ROOT; };
		C00815911AF9EE2B0037A7DF /* test.storyboard */ = {isa = PBXFileReference; fileEncoding = 4; lastKnownFileType = file.storyboard; path = test.storyboard; sourceTree = "<group>"; };
		C0081CFA1B1A0FB0009EB1A4 /* AlbumContentsDataSource.h */ = {isa = PBXFileReference; fileEncoding = 4; lastKnownFileType = sourcecode.c.h; path = AlbumContentsDataSource.h; sourceTree = "<group>"; };
		C0081CFB1B1A0FB0009EB1A4 /* AlbumContentsDataSource.m */ = {isa = PBXFileReference; fileEncoding = 4; lastKnownFileType = sourcecode.c.objc; path = AlbumContentsDataSource.m; sourceTree = "<group>"; };
		C072C6DF1AF75E87006490FA /* handy.app */ = {isa = PBXFileReference; explicitFileType = wrapper.application; includeInIndex = 0; path = handy.app; sourceTree = BUILT_PRODUCTS_DIR; };
		C072C6E31AF75E87006490FA /* Info.plist */ = {isa = PBXFileReference; lastKnownFileType = text.plist.xml; path = Info.plist; sourceTree = "<group>"; };
		C072C6E41AF75E87006490FA /* main.m */ = {isa = PBXFileReference; lastKnownFileType = sourcecode.c.objc; path = main.m; sourceTree = "<group>"; };
		C072C6EA1AF75E87006490FA /* handy.xcdatamodel */ = {isa = PBXFileReference; lastKnownFileType = wrapper.xcdatamodel; path = handy.xcdatamodel; sourceTree = "<group>"; };
		C072C6F21AF75E87006490FA /* Images.xcassets */ = {isa = PBXFileReference; lastKnownFileType = folder.assetcatalog; path = Images.xcassets; sourceTree = "<group>"; };
		C072C6F51AF75E87006490FA /* Base */ = {isa = PBXFileReference; lastKnownFileType = file.xib; name = Base; path = Base.lproj/LaunchScreen.xib; sourceTree = "<group>"; };
		C072C6FB1AF75E88006490FA /* handyTests.xctest */ = {isa = PBXFileReference; explicitFileType = wrapper.cfbundle; includeInIndex = 0; path = handyTests.xctest; sourceTree = BUILT_PRODUCTS_DIR; };
		C072C7001AF75E88006490FA /* Info.plist */ = {isa = PBXFileReference; lastKnownFileType = text.plist.xml; path = Info.plist; sourceTree = "<group>"; };
		C072C7011AF75E88006490FA /* handyTests.m */ = {isa = PBXFileReference; lastKnownFileType = sourcecode.c.objc; path = handyTests.m; sourceTree = "<group>"; };
		C072C70B1AF75F20006490FA /* AlbumContentsCollectionViewController.m */ = {isa = PBXFileReference; fileEncoding = 4; lastKnownFileType = sourcecode.c.objc; name = AlbumContentsCollectionViewController.m; path = /Users/fangyang/GitHub/Handy/handy/album/AlbumContentsCollectionViewController.m; sourceTree = "<absolute>"; };
		C072C70C1AF75F20006490FA /* AlbumContentsCollectionViewController.h */ = {isa = PBXFileReference; fileEncoding = 4; lastKnownFileType = sourcecode.c.h; name = AlbumContentsCollectionViewController.h; path = /Users/fangyang/GitHub/Handy/handy/album/AlbumContentsCollectionViewController.h; sourceTree = "<absolute>"; };
		C072C70D1AF75F20006490FA /* AppDelegate.h */ = {isa = PBXFileReference; fileEncoding = 4; lastKnownFileType = sourcecode.c.h; path = AppDelegate.h; sourceTree = "<group>"; };
		C072C70E1AF75F20006490FA /* AppDelegate.m */ = {isa = PBXFileReference; fileEncoding = 4; lastKnownFileType = sourcecode.c.objc; path = AppDelegate.m; sourceTree = "<group>"; };
		C072C70F1AF75F20006490FA /* AssetsDataIsInaccessibleViewController.h */ = {isa = PBXFileReference; fileEncoding = 4; lastKnownFileType = sourcecode.c.h; name = AssetsDataIsInaccessibleViewController.h; path = ../../../../Github/Handy/handy/AssetsDataIsInaccessibleViewController.h; sourceTree = "<group>"; };
		C072C7101AF75F20006490FA /* AssetsDataIsInaccessibleViewController.m */ = {isa = PBXFileReference; fileEncoding = 4; lastKnownFileType = sourcecode.c.objc; name = AssetsDataIsInaccessibleViewController.m; path = ../../../../Github/Handy/handy/AssetsDataIsInaccessibleViewController.m; sourceTree = "<group>"; };
		C072C7111AF75F20006490FA /* cameraview.xib */ = {isa = PBXFileReference; fileEncoding = 4; lastKnownFileType = file.xib; name = cameraview.xib; path = ../../../../Github/Handy/handy/cameraview.xib; sourceTree = "<group>"; };
		C072C7131AF75F20006490FA /* handy.xcdatamodel */ = {isa = PBXFileReference; lastKnownFileType = wrapper.xcdatamodel; path = handy.xcdatamodel; sourceTree = "<group>"; };
		C072C7141AF75F20006490FA /* HandyMainViewController.h */ = {isa = PBXFileReference; fileEncoding = 4; lastKnownFileType = sourcecode.c.h; path = HandyMainViewController.h; sourceTree = "<group>"; };
		C072C7151AF75F20006490FA /* HandyMainViewController.m */ = {isa = PBXFileReference; fileEncoding = 4; lastKnownFileType = sourcecode.c.objc; path = HandyMainViewController.m; sourceTree = "<group>"; };
		C072C7161AF75F20006490FA /* HandyRootViewController.h */ = {isa = PBXFileReference; fileEncoding = 4; lastKnownFileType = sourcecode.c.h; name = HandyRootViewController.h; path = ../../../../Github/Handy/handy/HandyRootViewController.h; sourceTree = "<group>"; };
		C072C7171AF75F20006490FA /* HandyRootViewController.m */ = {isa = PBXFileReference; fileEncoding = 4; lastKnownFileType = sourcecode.c.objc; name = HandyRootViewController.m; path = ../../../../Github/Handy/handy/HandyRootViewController.m; sourceTree = "<group>"; };
		C072C7181AF75F20006490FA /* ImageScrollView.h */ = {isa = PBXFileReference; fileEncoding = 4; lastKnownFileType = sourcecode.c.h; name = ImageScrollView.h; path = ../../../../Github/Handy/handy/ImageScrollView.h; sourceTree = "<group>"; };
		C072C7191AF75F20006490FA /* ImageScrollView.m */ = {isa = PBXFileReference; fileEncoding = 4; lastKnownFileType = sourcecode.c.objc; name = ImageScrollView.m; path = ../../../../Github/Handy/handy/ImageScrollView.m; sourceTree = "<group>"; };
		C072C71A1AF75F20006490FA /* MyPageViewController.h */ = {isa = PBXFileReference; fileEncoding = 4; lastKnownFileType = sourcecode.c.h; name = MyPageViewController.h; path = ../../../../Github/Handy/handy/MyPageViewController.h; sourceTree = "<group>"; };
		C072C71B1AF75F20006490FA /* MyPageViewController.m */ = {isa = PBXFileReference; fileEncoding = 4; lastKnownFileType = sourcecode.c.objc; name = MyPageViewController.m; path = ../../../../Github/Handy/handy/MyPageViewController.m; sourceTree = "<group>"; };
		C072C71C1AF75F20006490FA /* PageViewControllerData.h */ = {isa = PBXFileReference; fileEncoding = 4; lastKnownFileType = sourcecode.c.h; name = PageViewControllerData.h; path = ../../../../Github/Handy/handy/PageViewControllerData.h; sourceTree = "<group>"; };
		C072C71D1AF75F20006490FA /* PageViewControllerData.m */ = {isa = PBXFileReference; fileEncoding = 4; lastKnownFileType = sourcecode.c.objc; name = PageViewControllerData.m; path = ../../../../Github/Handy/handy/PageViewControllerData.m; sourceTree = "<group>"; };
		C072C71E1AF75F20006490FA /* PhotoViewController.h */ = {isa = PBXFileReference; fileEncoding = 4; lastKnownFileType = sourcecode.c.h; name = PhotoViewController.h; path = ../../../../Github/Handy/handy/PhotoViewController.h; sourceTree = "<group>"; };
		C072C71F1AF75F20006490FA /* PhotoViewController.m */ = {isa = PBXFileReference; fileEncoding = 4; lastKnownFileType = sourcecode.c.objc; name = PhotoViewController.m; path = ../../../../Github/Handy/handy/PhotoViewController.m; sourceTree = "<group>"; };
		C0838BE31AF76025004F636C /* Base */ = {isa = PBXFileReference; lastKnownFileType = file.storyboard; name = Base; path = Base.lproj/Main.storyboard; sourceTree = "<group>"; };
		C0AE03C11B072DF900886FA8 /* JRuntime.h */ = {isa = PBXFileReference; fileEncoding = 4; lastKnownFileType = sourcecode.c.h; path = JRuntime.h; sourceTree = "<group>"; };
		C0AE03C21B072DF900886FA8 /* JRuntime.m */ = {isa = PBXFileReference; fileEncoding = 4; lastKnownFileType = sourcecode.c.objc; path = JRuntime.m; sourceTree = "<group>"; };
		C0AE03C51B072F3A00886FA8 /* JRuntime+System.m */ = {isa = PBXFileReference; fileEncoding = 4; lastKnownFileType = sourcecode.c.objc; path = "JRuntime+System.m"; sourceTree = "<group>"; };
		C0AEE26B1B11CBC9004416DD /* JAlbumCollectionViewLayout.h */ = {isa = PBXFileReference; fileEncoding = 4; lastKnownFileType = sourcecode.c.h; path = JAlbumCollectionViewLayout.h; sourceTree = "<group>"; };
		C0AEE26C1B11CBC9004416DD /* JAlbumCollectionViewLayout.m */ = {isa = PBXFileReference; fileEncoding = 4; lastKnownFileType = sourcecode.c.objc; path = JAlbumCollectionViewLayout.m; sourceTree = "<group>"; };
		C0AEF2FB1B156B1D00D85AB4 /* JImageScrollView.h */ = {isa = PBXFileReference; fileEncoding = 4; lastKnownFileType = sourcecode.c.h; path = JImageScrollView.h; sourceTree = "<group>"; };
		C0AEF2FC1B156B1D00D85AB4 /* JImageScrollView.m */ = {isa = PBXFileReference; fileEncoding = 4; lastKnownFileType = sourcecode.c.objc; path = JImageScrollView.m; sourceTree = "<group>"; };
		C0AEF3E91B0DFCF800389F17 /* JAlbumCollectionViewCell.h */ = {isa = PBXFileReference; fileEncoding = 4; lastKnownFileType = sourcecode.c.h; path = JAlbumCollectionViewCell.h; sourceTree = "<group>"; };
		C0AEF3EA1B0DFCF800389F17 /* JAlbumCollectionViewCell.m */ = {isa = PBXFileReference; fileEncoding = 4; lastKnownFileType = sourcecode.c.objc; path = JAlbumCollectionViewCell.m; sourceTree = "<group>"; };
		C0AEF3EB1B0DFCF800389F17 /* JAlbumCollectionViewCell.xib */ = {isa = PBXFileReference; fileEncoding = 4; lastKnownFileType = file.xib; path = JAlbumCollectionViewCell.xib; sourceTree = "<group>"; };
		C0AFAA401AFB185100C65EC4 /* JTabbedView.h */ = {isa = PBXFileReference; fileEncoding = 4; lastKnownFileType = sourcecode.c.h; path = JTabbedView.h; sourceTree = "<group>"; };
		C0AFAA411AFB185100C65EC4 /* JTabbedView.m */ = {isa = PBXFileReference; fileEncoding = 4; lastKnownFileType = sourcecode.c.objc; path = JTabbedView.m; sourceTree = "<group>"; };
		C0AFD2C71AF9EF2600CF3405 /* TestViewController.h */ = {isa = PBXFileReference; fileEncoding = 4; lastKnownFileType = sourcecode.c.h; path = TestViewController.h; sourceTree = "<group>"; };
		C0AFD2C81AF9EF2600CF3405 /* TestViewController.m */ = {isa = PBXFileReference; fileEncoding = 4; lastKnownFileType = sourcecode.c.objc; path = TestViewController.m; sourceTree = "<group>"; };
		C0AFD2CA1AF9F18700CF3405 /* TestViewControllerFactory.h */ = {isa = PBXFileReference; fileEncoding = 4; lastKnownFileType = sourcecode.c.h; path = TestViewControllerFactory.h; sourceTree = "<group>"; };
		C0AFD2CB1AF9F18700CF3405 /* TestViewControllerFactory.m */ = {isa = PBXFileReference; fileEncoding = 4; lastKnownFileType = sourcecode.c.objc; path = TestViewControllerFactory.m; sourceTree = "<group>"; };
		C0AFD2D01AF9F8DD00CF3405 /* JStoryboardViewControllerFactory.h */ = {isa = PBXFileReference; fileEncoding = 4; lastKnownFileType = sourcecode.c.h; path = JStoryboardViewControllerFactory.h; sourceTree = "<group>"; };
		C0AFD2D11AF9F8DD00CF3405 /* JStoryboardViewControllerFactory.m */ = {isa = PBXFileReference; fileEncoding = 4; lastKnownFileType = sourcecode.c.objc; path = JStoryboardViewControllerFactory.m; sourceTree = "<group>"; };
		C0AFD2D71AFA506200CF3405 /* AlbumViewControllerFactory.h */ = {isa = PBXFileReference; fileEncoding = 4; lastKnownFileType = sourcecode.c.h; path = AlbumViewControllerFactory.h; sourceTree = "<group>"; };
		C0AFD2D81AFA506200CF3405 /* AlbumViewControllerFactory.m */ = {isa = PBXFileReference; fileEncoding = 4; lastKnownFileType = sourcecode.c.objc; path = AlbumViewControllerFactory.m; sourceTree = "<group>"; };
		C0AFF4B21B083462004D8BED /* JAlbumView.h */ = {isa = PBXFileReference; fileEncoding = 4; lastKnownFileType = sourcecode.c.h; path = JAlbumView.h; sourceTree = "<group>"; };
		C0AFF4B31B083462004D8BED /* JAlbumView.m */ = {isa = PBXFileReference; fileEncoding = 4; lastKnownFileType = sourcecode.c.objc; path = JAlbumView.m; sourceTree = "<group>"; };
		C0AFF4B51B0834AA004D8BED /* JAlbumView.xib */ = {isa = PBXFileReference; fileEncoding = 4; lastKnownFileType = file.xib; path = JAlbumView.xib; sourceTree = "<group>"; };
		C0AFFA7F1B049D5C00615291 /* UIViewController+Utils.h */ = {isa = PBXFileReference; fileEncoding = 4; lastKnownFileType = sourcecode.c.h; path = "UIViewController+Utils.h"; sourceTree = "<group>"; };
		C0AFFA801B049D5C00615291 /* UIViewController+Utils.m */ = {isa = PBXFileReference; fileEncoding = 4; lastKnownFileType = sourcecode.c.objc; path = "UIViewController+Utils.m"; sourceTree = "<group>"; };
		D0C25702A7A3E1E85871DD5A /* Pods-handy.debug.xcconfig */ = {isa = PBXFileReference; includeInIndex = 1; lastKnownFileType = text.xcconfig; name = "Pods-handy.debug.xcconfig"; path = "../../pod_GitHub/handy/Pods/Target Support Files/Pods-handy/Pods-handy.debug.xcconfig"; sourceTree = "<group>"; };
/* End PBXFileReference section */

/* Begin PBXFrameworksBuildPhase section */
		C072C6DC1AF75E87006490FA /* Frameworks */ = {
			isa = PBXFrameworksBuildPhase;
			buildActionMask = 2147483647;
			files = (
				8F4A471042F44748C4F46293 /* libPods-handy.a in Frameworks */,
			);
			runOnlyForDeploymentPostprocessing = 0;
		};
		C072C6F81AF75E88006490FA /* Frameworks */ = {
			isa = PBXFrameworksBuildPhase;
			buildActionMask = 2147483647;
			files = (
			);
			runOnlyForDeploymentPostprocessing = 0;
		};
/* End PBXFrameworksBuildPhase section */

/* Begin PBXGroup section */
		5D5860BE93EAAD014ADFED8F /* Frameworks */ = {
			isa = PBXGroup;
			children = (
				2A9C1FAF7705652DBD5928A6 /* libPods-handy.a */,
			);
			name = Frameworks;
			sourceTree = "<group>";
		};
		C008158D1AF9CC980037A7DF /* AvgLoad */ = {
			isa = PBXGroup;
			children = (
				C008158B1AF9CC490037A7DF /* AvgLoadView.xib */,
				C00815871AF9CBAE0037A7DF /* AvgLoadView.m */,
				C00815801AF9CB290037A7DF /* AvgLoadView.h */,
			);
			name = AvgLoad;
			path = ../../../GitHub/Handy/handy/AvgLoad;
			sourceTree = "<group>";
		};
		C008158E1AF9E92E0037A7DF /* album */ = {
			isa = PBXGroup;
			children = (
				C072C70B1AF75F20006490FA /* AlbumContentsCollectionViewController.m */,
				C072C70C1AF75F20006490FA /* AlbumContentsCollectionViewController.h */,
				C072C70F1AF75F20006490FA /* AssetsDataIsInaccessibleViewController.h */,
				C072C7101AF75F20006490FA /* AssetsDataIsInaccessibleViewController.m */,
				C072C7111AF75F20006490FA /* cameraview.xib */,
				C072C7161AF75F20006490FA /* HandyRootViewController.h */,
				C072C7171AF75F20006490FA /* HandyRootViewController.m */,
				C072C7181AF75F20006490FA /* ImageScrollView.h */,
				C072C7191AF75F20006490FA /* ImageScrollView.m */,
				C072C71A1AF75F20006490FA /* MyPageViewController.h */,
				C072C71B1AF75F20006490FA /* MyPageViewController.m */,
				C072C71C1AF75F20006490FA /* PageViewControllerData.h */,
				C072C71D1AF75F20006490FA /* PageViewControllerData.m */,
				C072C71E1AF75F20006490FA /* PhotoViewController.h */,
				C072C71F1AF75F20006490FA /* PhotoViewController.m */,
				C0AFD2D71AFA506200CF3405 /* AlbumViewControllerFactory.h */,
				C0AFD2D81AFA506200CF3405 /* AlbumViewControllerFactory.m */,
				C0081CFA1B1A0FB0009EB1A4 /* AlbumContentsDataSource.h */,
				C0081CFB1B1A0FB0009EB1A4 /* AlbumContentsDataSource.m */,
			);
			name = album;
			path = ../../../GitHub/Handy/handy/album;
			sourceTree = "<group>";
		};
		C00815901AF9EE150037A7DF /* testTraits */ = {
			isa = PBXGroup;
			children = (
				C00815911AF9EE2B0037A7DF /* test.storyboard */,
				C0AFD2C71AF9EF2600CF3405 /* TestViewController.h */,
				C0AFD2C81AF9EF2600CF3405 /* TestViewController.m */,
				C0AFD2CA1AF9F18700CF3405 /* TestViewControllerFactory.h */,
				C0AFD2CB1AF9F18700CF3405 /* TestViewControllerFactory.m */,
			);
			name = testTraits;
			path = ../../../GitHub/Handy/handy/testTraits;
			sourceTree = "<group>";
		};
		C072C6D61AF75E87006490FA = {
			isa = PBXGroup;
			children = (
				C072C6E11AF75E87006490FA /* handy */,
				C072C6FE1AF75E88006490FA /* handyTests */,
				C072C6E01AF75E87006490FA /* Products */,
				E15B0C3617434347489662B9 /* Pods */,
				5D5860BE93EAAD014ADFED8F /* Frameworks */,
			);
			sourceTree = "<group>";
		};
		C072C6E01AF75E87006490FA /* Products */ = {
			isa = PBXGroup;
			children = (
				C072C6DF1AF75E87006490FA /* handy.app */,
				C072C6FB1AF75E88006490FA /* handyTests.xctest */,
			);
			name = Products;
			sourceTree = "<group>";
		};
		C072C6E11AF75E87006490FA /* handy */ = {
			isa = PBXGroup;
			children = (
				C0AFD2CF1AF9F8B200CF3405 /* jFoundation */,
				C00815901AF9EE150037A7DF /* testTraits */,
				C008158E1AF9E92E0037A7DF /* album */,
				C008158D1AF9CC980037A7DF /* AvgLoad */,
				C0838BE21AF76025004F636C /* Main.storyboard */,
				C072C70D1AF75F20006490FA /* AppDelegate.h */,
				C072C70E1AF75F20006490FA /* AppDelegate.m */,
				C072C7121AF75F20006490FA /* handy.xcdatamodeld */,
				C072C7141AF75F20006490FA /* HandyMainViewController.h */,
				C072C7151AF75F20006490FA /* HandyMainViewController.m */,
				C072C6F21AF75E87006490FA /* Images.xcassets */,
				C072C6F41AF75E87006490FA /* LaunchScreen.xib */,
				C072C6E91AF75E87006490FA /* handy.xcdatamodeld */,
				C072C6E21AF75E87006490FA /* Supporting Files */,
			);
			path = handy;
			sourceTree = "<group>";
		};
		C072C6E21AF75E87006490FA /* Supporting Files */ = {
			isa = PBXGroup;
			children = (
				C072C6E31AF75E87006490FA /* Info.plist */,
				C072C6E41AF75E87006490FA /* main.m */,
			);
			name = "Supporting Files";
			sourceTree = "<group>";
		};
		C072C6FE1AF75E88006490FA /* handyTests */ = {
			isa = PBXGroup;
			children = (
				C072C7011AF75E88006490FA /* handyTests.m */,
				C072C6FF1AF75E88006490FA /* Supporting Files */,
			);
			path = handyTests;
			sourceTree = "<group>";
		};
		C072C6FF1AF75E88006490FA /* Supporting Files */ = {
			isa = PBXGroup;
			children = (
				C072C7001AF75E88006490FA /* Info.plist */,
			);
			name = "Supporting Files";
			sourceTree = "<group>";
		};
		C0AFD2CF1AF9F8B200CF3405 /* jFoundation */ = {
			isa = PBXGroup;
			children = (
				C0AE03C11B072DF900886FA8 /* JRuntime.h */,
				C0AE03C21B072DF900886FA8 /* JRuntime.m */,
				C0AFD2D01AF9F8DD00CF3405 /* JStoryboardViewControllerFactory.h */,
				C0AFD2D11AF9F8DD00CF3405 /* JStoryboardViewControllerFactory.m */,
				C0AFAA401AFB185100C65EC4 /* JTabbedView.h */,
				C0AFAA411AFB185100C65EC4 /* JTabbedView.m */,
				C0AFFA7F1B049D5C00615291 /* UIViewController+Utils.h */,
				C0AFFA801B049D5C00615291 /* UIViewController+Utils.m */,
				C0AE03C51B072F3A00886FA8 /* JRuntime+System.m */,
				C0AFF4B21B083462004D8BED /* JAlbumView.h */,
				C0AFF4B31B083462004D8BED /* JAlbumView.m */,
				C0AFF4B51B0834AA004D8BED /* JAlbumView.xib */,
				C0AEF3E91B0DFCF800389F17 /* JAlbumCollectionViewCell.h */,
				C0AEF3EA1B0DFCF800389F17 /* JAlbumCollectionViewCell.m */,
				C0AEF3EB1B0DFCF800389F17 /* JAlbumCollectionViewCell.xib */,
				C0AEE26B1B11CBC9004416DD /* JAlbumCollectionViewLayout.h */,
				C0AEE26C1B11CBC9004416DD /* JAlbumCollectionViewLayout.m */,
				C0AEF2FB1B156B1D00D85AB4 /* JImageScrollView.h */,
				C0AEF2FC1B156B1D00D85AB4 /* JImageScrollView.m */,
			);
			name = jFoundation;
			path = ../../../GitHub/Handy/handy/jFoundation;
			sourceTree = "<group>";
		};
		E15B0C3617434347489662B9 /* Pods */ = {
			isa = PBXGroup;
			children = (
				D0C25702A7A3E1E85871DD5A /* Pods-handy.debug.xcconfig */,
				4D739F8693CF891612B03575 /* Pods-handy.release.xcconfig */,
			);
			name = Pods;
			sourceTree = "<group>";
		};
/* End PBXGroup section */

/* Begin PBXNativeTarget section */
		C072C6DE1AF75E87006490FA /* handy */ = {
			isa = PBXNativeTarget;
			buildConfigurationList = C072C7051AF75E88006490FA /* Build configuration list for PBXNativeTarget "handy" */;
			buildPhases = (
				A79F19B92634F72D4DFE4700 /* Check Pods Manifest.lock */,
				C072C6DB1AF75E87006490FA /* Sources */,
				C072C6DC1AF75E87006490FA /* Frameworks */,
				C072C6DD1AF75E87006490FA /* Resources */,
				7A365F6B011D5D6DFCE3AAD7 /* Copy Pods Resources */,
			);
			buildRules = (
			);
			dependencies = (
			);
			name = handy;
			productName = handy;
			productReference = C072C6DF1AF75E87006490FA /* handy.app */;
			productType = "com.apple.product-type.application";
		};
		C072C6FA1AF75E88006490FA /* handyTests */ = {
			isa = PBXNativeTarget;
			buildConfigurationList = C072C7081AF75E88006490FA /* Build configuration list for PBXNativeTarget "handyTests" */;
			buildPhases = (
				C072C6F71AF75E88006490FA /* Sources */,
				C072C6F81AF75E88006490FA /* Frameworks */,
				C072C6F91AF75E88006490FA /* Resources */,
			);
			buildRules = (
			);
			dependencies = (
				C072C6FD1AF75E88006490FA /* PBXTargetDependency */,
			);
			name = handyTests;
			productName = handyTests;
			productReference = C072C6FB1AF75E88006490FA /* handyTests.xctest */;
			productType = "com.apple.product-type.bundle.unit-test";
		};
/* End PBXNativeTarget section */

/* Begin PBXProject section */
		C072C6D71AF75E87006490FA /* Project object */ = {
			isa = PBXProject;
			attributes = {
				LastUpgradeCheck = 0630;
				ORGANIZATIONNAME = dw_fangyang;
				TargetAttributes = {
					C072C6DE1AF75E87006490FA = {
						CreatedOnToolsVersion = 6.3;
					};
					C072C6FA1AF75E88006490FA = {
						CreatedOnToolsVersion = 6.3;
						TestTargetID = C072C6DE1AF75E87006490FA;
					};
				};
			};
			buildConfigurationList = C072C6DA1AF75E87006490FA /* Build configuration list for PBXProject "handy" */;
			compatibilityVersion = "Xcode 3.2";
			developmentRegion = English;
			hasScannedForEncodings = 0;
			knownRegions = (
				en,
				Base,
			);
			mainGroup = C072C6D61AF75E87006490FA;
			productRefGroup = C072C6E01AF75E87006490FA /* Products */;
			projectDirPath = "";
			projectRoot = "";
			targets = (
				C072C6DE1AF75E87006490FA /* handy */,
				C072C6FA1AF75E88006490FA /* handyTests */,
			);
		};
/* End PBXProject section */

/* Begin PBXResourcesBuildPhase section */
		C072C6DD1AF75E87006490FA /* Resources */ = {
			isa = PBXResourcesBuildPhase;
			buildActionMask = 2147483647;
			files = (
				C072C6F61AF75E87006490FA /* LaunchScreen.xib in Resources */,
				C072C6F31AF75E87006490FA /* Images.xcassets in Resources */,
				C0AEF3ED1B0DFCF800389F17 /* JAlbumCollectionViewCell.xib in Resources */,
				C008158C1AF9CC490037A7DF /* AvgLoadView.xib in Resources */,
				C0AFF4B61B0834AA004D8BED /* JAlbumView.xib in Resources */,
				C072C7231AF75F20006490FA /* cameraview.xib in Resources */,
				C00815921AF9EE2B0037A7DF /* test.storyboard in Resources */,
				C0838BE41AF76025004F636C /* Main.storyboard in Resources */,
			);
			runOnlyForDeploymentPostprocessing = 0;
		};
		C072C6F91AF75E88006490FA /* Resources */ = {
			isa = PBXResourcesBuildPhase;
			buildActionMask = 2147483647;
			files = (
			);
			runOnlyForDeploymentPostprocessing = 0;
		};
/* End PBXResourcesBuildPhase section */

/* Begin PBXShellScriptBuildPhase section */
		7A365F6B011D5D6DFCE3AAD7 /* Copy Pods Resources */ = {
			isa = PBXShellScriptBuildPhase;
			buildActionMask = 2147483647;
			files = (
			);
			inputPaths = (
			);
			name = "Copy Pods Resources";
			outputPaths = (
			);
			runOnlyForDeploymentPostprocessing = 0;
			shellPath = /bin/sh;
			shellScript = "\"${SRCROOT}/../../pod_GitHub/handy/Pods/Target Support Files/Pods-handy/Pods-handy-resources.sh\"\n";
			showEnvVarsInLog = 0;
		};
		A79F19B92634F72D4DFE4700 /* Check Pods Manifest.lock */ = {
			isa = PBXShellScriptBuildPhase;
			buildActionMask = 2147483647;
			files = (
			);
			inputPaths = (
			);
			name = "Check Pods Manifest.lock";
			outputPaths = (
			);
			runOnlyForDeploymentPostprocessing = 0;
			shellPath = /bin/sh;
			shellScript = "diff \"${PODS_ROOT}/../Podfile.lock\" \"${PODS_ROOT}/Manifest.lock\" > /dev/null\nif [[ $? != 0 ]] ; then\n    cat << EOM\nerror: The sandbox is not in sync with the Podfile.lock. Run 'pod install' or update your CocoaPods installation.\nEOM\n    exit 1\nfi\n";
			showEnvVarsInLog = 0;
		};
/* End PBXShellScriptBuildPhase section */

/* Begin PBXSourcesBuildPhase section */
		C072C6DB1AF75E87006490FA /* Sources */ = {
			isa = PBXSourcesBuildPhase;
			buildActionMask = 2147483647;
			files = (
				C072C7291AF75F20006490FA /* PageViewControllerData.m in Sources */,
				C0AFF4B41B083462004D8BED /* JAlbumView.m in Sources */,
				C00815881AF9CBAE0037A7DF /* AvgLoadView.m in Sources */,
				C0AFD2C91AF9EF2600CF3405 /* TestViewController.m in Sources */,
				C0AFD2D21AF9F8DD00CF3405 /* JStoryboardViewControllerFactory.m in Sources */,
				C0AFD2CC1AF9F18700CF3405 /* TestViewControllerFactory.m in Sources */,
				C072C7211AF75F20006490FA /* AppDelegate.m in Sources */,
				C0AEE26D1B11CBC9004416DD /* JAlbumCollectionViewLayout.m in Sources */,
				C0AEF3EC1B0DFCF800389F17 /* JAlbumCollectionViewCell.m in Sources */,
				C072C6EB1AF75E87006490FA /* handy.xcdatamodeld in Sources */,
				C0081CFC1B1A0FB0009EB1A4 /* AlbumContentsDataSource.m in Sources */,
				C0AFAA421AFB185100C65EC4 /* JTabbedView.m in Sources */,
				C072C7201AF75F20006490FA /* AlbumContentsCollectionViewController.h in Sources */,
				C0B2BC2D1B1A9AFF00CF5109 /* AlbumContentsCollectionViewController.m in Sources */,
				C0AE03C61B072F3A00886FA8 /* JRuntime+System.m in Sources */,
				C072C7271AF75F20006490FA /* ImageScrollView.m in Sources */,
				C0AEF2FD1B156B1D00D85AB4 /* JImageScrollView.m in Sources */,
				C0AFFA811B049D5C00615291 /* UIViewController+Utils.m in Sources */,
				C072C7261AF75F20006490FA /* HandyRootViewController.m in Sources */,
				C072C7281AF75F20006490FA /* MyPageViewController.m in Sources */,
				C0AFD2D91AFA506200CF3405 /* AlbumViewControllerFactory.m in Sources */,
				C0AE03C31B072DF900886FA8 /* JRuntime.m in Sources */,
				C072C7251AF75F20006490FA /* HandyMainViewController.m in Sources */,
				C072C7221AF75F20006490FA /* AssetsDataIsInaccessibleViewController.m in Sources */,
				C072C72A1AF75F20006490FA /* PhotoViewController.m in Sources */,
				C072C7241AF75F20006490FA /* handy.xcdatamodeld in Sources */,
				C072C6E51AF75E87006490FA /* main.m in Sources */,
			);
			runOnlyForDeploymentPostprocessing = 0;
		};
		C072C6F71AF75E88006490FA /* Sources */ = {
			isa = PBXSourcesBuildPhase;
			buildActionMask = 2147483647;
			files = (
				C072C7021AF75E88006490FA /* handyTests.m in Sources */,
			);
			runOnlyForDeploymentPostprocessing = 0;
		};
/* End PBXSourcesBuildPhase section */

/* Begin PBXTargetDependency section */
		C072C6FD1AF75E88006490FA /* PBXTargetDependency */ = {
			isa = PBXTargetDependency;
			target = C072C6DE1AF75E87006490FA /* handy */;
			targetProxy = C072C6FC1AF75E88006490FA /* PBXContainerItemProxy */;
		};
/* End PBXTargetDependency section */

/* Begin PBXVariantGroup section */
		C072C6F41AF75E87006490FA /* LaunchScreen.xib */ = {
			isa = PBXVariantGroup;
			children = (
				C072C6F51AF75E87006490FA /* Base */,
			);
			name = LaunchScreen.xib;
			sourceTree = "<group>";
		};
		C0838BE21AF76025004F636C /* Main.storyboard */ = {
			isa = PBXVariantGroup;
			children = (
				C0838BE31AF76025004F636C /* Base */,
			);
			name = Main.storyboard;
			sourceTree = "<group>";
		};
/* End PBXVariantGroup section */

/* Begin XCBuildConfiguration section */
		C072C7031AF75E88006490FA /* Debug */ = {
			isa = XCBuildConfiguration;
			buildSettings = {
				ALWAYS_SEARCH_USER_PATHS = NO;
				APPLY_RULES_IN_COPY_FILES = NO;
				CLANG_CXX_LANGUAGE_STANDARD = "gnu++0x";
				CLANG_CXX_LIBRARY = "libc++";
				CLANG_ENABLE_MODULES = YES;
				CLANG_ENABLE_OBJC_ARC = YES;
				CLANG_WARN_BOOL_CONVERSION = YES;
				CLANG_WARN_CONSTANT_CONVERSION = YES;
				CLANG_WARN_DIRECT_OBJC_ISA_USAGE = YES_ERROR;
				CLANG_WARN_EMPTY_BODY = YES;
				CLANG_WARN_ENUM_CONVERSION = YES;
				CLANG_WARN_INT_CONVERSION = YES;
				CLANG_WARN_OBJC_ROOT_CLASS = YES_ERROR;
				CLANG_WARN_UNREACHABLE_CODE = YES;
				CLANG_WARN__DUPLICATE_METHOD_MATCH = YES;
				"CODE_SIGN_IDENTITY[sdk=iphoneos*]" = "iPhone Developer";
				COPY_PHASE_STRIP = NO;
				DEBUG_INFORMATION_FORMAT = "dwarf-with-dsym";
				ENABLE_STRICT_OBJC_MSGSEND = YES;
				GCC_C_LANGUAGE_STANDARD = gnu99;
				GCC_DYNAMIC_NO_PIC = NO;
				GCC_NO_COMMON_BLOCKS = YES;
				GCC_OPTIMIZATION_LEVEL = 0;
				GCC_PREPROCESSOR_DEFINITIONS = (
					"DEBUG=1",
					"$(inherited)",
				);
				GCC_SYMBOLS_PRIVATE_EXTERN = NO;
				GCC_WARN_64_TO_32_BIT_CONVERSION = YES;
				GCC_WARN_ABOUT_RETURN_TYPE = YES_ERROR;
				GCC_WARN_UNDECLARED_SELECTOR = YES;
				GCC_WARN_UNINITIALIZED_AUTOS = YES_AGGRESSIVE;
				GCC_WARN_UNUSED_FUNCTION = YES;
				GCC_WARN_UNUSED_VARIABLE = YES;
				IPHONEOS_DEPLOYMENT_TARGET = 7.0;
				MTL_ENABLE_DEBUG_INFO = YES;
				ONLY_ACTIVE_ARCH = YES;
				OTHER_LDFLAGS = "";
				SDKROOT = iphoneos;
			};
			name = Debug;
		};
		C072C7041AF75E88006490FA /* Release */ = {
			isa = XCBuildConfiguration;
			buildSettings = {
				ALWAYS_SEARCH_USER_PATHS = NO;
				APPLY_RULES_IN_COPY_FILES = NO;
				CLANG_CXX_LANGUAGE_STANDARD = "gnu++0x";
				CLANG_CXX_LIBRARY = "libc++";
				CLANG_ENABLE_MODULES = YES;
				CLANG_ENABLE_OBJC_ARC = YES;
				CLANG_WARN_BOOL_CONVERSION = YES;
				CLANG_WARN_CONSTANT_CONVERSION = YES;
				CLANG_WARN_DIRECT_OBJC_ISA_USAGE = YES_ERROR;
				CLANG_WARN_EMPTY_BODY = YES;
				CLANG_WARN_ENUM_CONVERSION = YES;
				CLANG_WARN_INT_CONVERSION = YES;
				CLANG_WARN_OBJC_ROOT_CLASS = YES_ERROR;
				CLANG_WARN_UNREACHABLE_CODE = YES;
				CLANG_WARN__DUPLICATE_METHOD_MATCH = YES;
				"CODE_SIGN_IDENTITY[sdk=iphoneos*]" = "iPhone Developer";
				COPY_PHASE_STRIP = NO;
				DEBUG_INFORMATION_FORMAT = "dwarf-with-dsym";
				ENABLE_NS_ASSERTIONS = NO;
				ENABLE_STRICT_OBJC_MSGSEND = YES;
				GCC_C_LANGUAGE_STANDARD = gnu99;
				GCC_NO_COMMON_BLOCKS = YES;
				GCC_WARN_64_TO_32_BIT_CONVERSION = YES;
				GCC_WARN_ABOUT_RETURN_TYPE = YES_ERROR;
				GCC_WARN_UNDECLARED_SELECTOR = YES;
				GCC_WARN_UNINITIALIZED_AUTOS = YES_AGGRESSIVE;
				GCC_WARN_UNUSED_FUNCTION = YES;
				GCC_WARN_UNUSED_VARIABLE = YES;
				IPHONEOS_DEPLOYMENT_TARGET = 7.0;
				MTL_ENABLE_DEBUG_INFO = NO;
				ONLY_ACTIVE_ARCH = NO;
				OTHER_LDFLAGS = "";
				SDKROOT = iphoneos;
				VALIDATE_PRODUCT = YES;
			};
			name = Release;
		};
		C072C7061AF75E88006490FA /* Debug */ = {
			isa = XCBuildConfiguration;
			baseConfigurationReference = D0C25702A7A3E1E85871DD5A /* Pods-handy.debug.xcconfig */;
			buildSettings = {
				ASSETCATALOG_COMPILER_APPICON_NAME = AppIcon;
				INFOPLIST_FILE = handy/Info.plist;
				LD_RUNPATH_SEARCH_PATHS = "$(inherited) @executable_path/Frameworks";
				PRODUCT_NAME = "$(TARGET_NAME)";
			};
			name = Debug;
		};
		C072C7071AF75E88006490FA /* Release */ = {
			isa = XCBuildConfiguration;
			baseConfigurationReference = 4D739F8693CF891612B03575 /* Pods-handy.release.xcconfig */;
			buildSettings = {
				ASSETCATALOG_COMPILER_APPICON_NAME = AppIcon;
				INFOPLIST_FILE = handy/Info.plist;
				LD_RUNPATH_SEARCH_PATHS = "$(inherited) @executable_path/Frameworks";
				PRODUCT_NAME = "$(TARGET_NAME)";
			};
			name = Release;
		};
		C072C7091AF75E88006490FA /* Debug */ = {
			isa = XCBuildConfiguration;
			buildSettings = {
				BUNDLE_LOADER = "$(TEST_HOST)";
				FRAMEWORK_SEARCH_PATHS = (
					"$(SDKROOT)/Developer/Library/Frameworks",
					"$(inherited)",
				);
				GCC_PREPROCESSOR_DEFINITIONS = (
					"DEBUG=1",
					"$(inherited)",
				);
				INFOPLIST_FILE = handyTests/Info.plist;
				LD_RUNPATH_SEARCH_PATHS = "$(inherited) @executable_path/Frameworks @loader_path/Frameworks";
				PRODUCT_NAME = "$(TARGET_NAME)";
				TEST_HOST = "$(BUILT_PRODUCTS_DIR)/handy.app/handy";
			};
			name = Debug;
		};
		C072C70A1AF75E88006490FA /* Release */ = {
			isa = XCBuildConfiguration;
			buildSettings = {
				BUNDLE_LOADER = "$(TEST_HOST)";
				FRAMEWORK_SEARCH_PATHS = (
					"$(SDKROOT)/Developer/Library/Frameworks",
					"$(inherited)",
				);
				INFOPLIST_FILE = handyTests/Info.plist;
				LD_RUNPATH_SEARCH_PATHS = "$(inherited) @executable_path/Frameworks @loader_path/Frameworks";
				PRODUCT_NAME = "$(TARGET_NAME)";
				TEST_HOST = "$(BUILT_PRODUCTS_DIR)/handy.app/handy";
			};
			name = Release;
		};
/* End XCBuildConfiguration section */

/* Begin XCConfigurationList section */
		C072C6DA1AF75E87006490FA /* Build configuration list for PBXProject "handy" */ = {
			isa = XCConfigurationList;
			buildConfigurations = (
				C072C7031AF75E88006490FA /* Debug */,
				C072C7041AF75E88006490FA /* Release */,
			);
			defaultConfigurationIsVisible = 0;
			defaultConfigurationName = Release;
		};
		C072C7051AF75E88006490FA /* Build configuration list for PBXNativeTarget "handy" */ = {
			isa = XCConfigurationList;
			buildConfigurations = (
				C072C7061AF75E88006490FA /* Debug */,
				C072C7071AF75E88006490FA /* Release */,
			);
			defaultConfigurationIsVisible = 0;
			defaultConfigurationName = Release;
		};
		C072C7081AF75E88006490FA /* Build configuration list for PBXNativeTarget "handyTests" */ = {
			isa = XCConfigurationList;
			buildConfigurations = (
				C072C7091AF75E88006490FA /* Debug */,
				C072C70A1AF75E88006490FA /* Release */,
			);
			defaultConfigurationIsVisible = 0;
			defaultConfigurationName = Release;
		};
/* End XCConfigurationList section */

/* Begin XCVersionGroup section */
		C072C6E91AF75E87006490FA /* handy.xcdatamodeld */ = {
			isa = XCVersionGroup;
			children = (
				C072C6EA1AF75E87006490FA /* handy.xcdatamodel */,
			);
			currentVersion = C072C6EA1AF75E87006490FA /* handy.xcdatamodel */;
			path = handy.xcdatamodeld;
			sourceTree = "<group>";
			versionGroupType = wrapper.xcdatamodel;
		};
		C072C7121AF75F20006490FA /* handy.xcdatamodeld */ = {
			isa = XCVersionGroup;
			children = (
				C072C7131AF75F20006490FA /* handy.xcdatamodel */,
			);
			currentVersion = C072C7131AF75F20006490FA /* handy.xcdatamodel */;
			path = handy.xcdatamodeld;
			sourceTree = "<group>";
			versionGroupType = wrapper.xcdatamodel;
		};
/* End XCVersionGroup section */
	};
	rootObject = C072C6D71AF75E87006490FA /* Project object */;
}
